// !$*UTF8*$!
{
	archiveVersion = 1;
	classes = {
	};
	objectVersion = 46;
	objects = {
/* Begin PBXBuildFile section */
		014E234FC03E4150B5681EC9 /* AudioToolbox.framework in Frameworks */ = {isa = PBXBuildFile; fileRef = F9F4B3CB13C64DDFB93917E0 /* AudioToolbox.framework */; settings = {ATTRIBUTES = (Weak, ); }; };
		1C65355D490040A681F26B38 /* CDVCapture.bundle in Resources */ = {isa = PBXBuildFile; fileRef = 97F074BCD4994D7D862BD02D /* CDVCapture.bundle */; };
		1D3623260D0F684500981E51 /* AppDelegate.m in Sources */ = {isa = PBXBuildFile; fileRef = 1D3623250D0F684500981E51 /* AppDelegate.m */; };
		1D60589B0D05DD56006BFB54 /* main.m in Sources */ = {isa = PBXBuildFile; fileRef = 29B97316FDCFA39411CA2CEA /* main.m */; };
		1F766FE113BBADB100FB74C0 /* Localizable.strings in Resources */ = {isa = PBXBuildFile; fileRef = 1F766FDC13BBADB100FB74C0 /* Localizable.strings */; };
		20C17AE247B9438996D97A8B /* CDVLogger.m in Sources */ = {isa = PBXBuildFile; fileRef = 75D2469EBC914046B9E979B7 /* CDVLogger.m */; };
		288765FD0DF74451002DB57D /* CoreGraphics.framework in Frameworks */ = {isa = PBXBuildFile; fileRef = 288765FC0DF74451002DB57D /* CoreGraphics.framework */; };
		2D7EAA0A63C64C629302B3C6 /* CDVCompass.m in Sources */ = {isa = PBXBuildFile; fileRef = CB1EB6EA41D940A49389E5C6 /* CDVCompass.m */; };
		301BF552109A68D80062928A /* libCordova.a in Frameworks */ = {isa = PBXBuildFile; fileRef = 301BF535109A57CC0062928A /* libCordova.a */; };
		302D95F114D2391D003F00A1 /* MainViewController.m in Sources */ = {isa = PBXBuildFile; fileRef = 302D95EF14D2391D003F00A1 /* MainViewController.m */; };
		302D95F214D2391D003F00A1 /* MainViewController.xib in Resources */ = {isa = PBXBuildFile; fileRef = 302D95F014D2391D003F00A1 /* MainViewController.xib */; };
		305D5FD1115AB8F900A74A75 /* MobileCoreServices.framework in Frameworks */ = {isa = PBXBuildFile; fileRef = 305D5FD0115AB8F900A74A75 /* MobileCoreServices.framework */; };
		3088BBBF154F3926009F9C59 /* Default-Portrait@2x~ipad.png in Resources */ = {isa = PBXBuildFile; fileRef = 3088BBB9154F3926009F9C59 /* Default-Portrait@2x~ipad.png */; };
		3088BBC0154F3926009F9C59 /* Default-Portrait~ipad.png in Resources */ = {isa = PBXBuildFile; fileRef = 3088BBBA154F3926009F9C59 /* Default-Portrait~ipad.png */; };
		3088BBC1154F3926009F9C59 /* Default@2x~iphone.png in Resources */ = {isa = PBXBuildFile; fileRef = 3088BBBB154F3926009F9C59 /* Default@2x~iphone.png */; };
		3088BBC2154F3926009F9C59 /* Default~iphone.png in Resources */ = {isa = PBXBuildFile; fileRef = 3088BBBC154F3926009F9C59 /* Default~iphone.png */; };
		308D05371370CCF300D202BF /* icon-72.png in Resources */ = {isa = PBXBuildFile; fileRef = 308D052E1370CCF300D202BF /* icon-72.png */; };
		308D05381370CCF300D202BF /* icon.png in Resources */ = {isa = PBXBuildFile; fileRef = 308D052F1370CCF300D202BF /* icon.png */; };
		308D05391370CCF300D202BF /* icon@2x.png in Resources */ = {isa = PBXBuildFile; fileRef = 308D05301370CCF300D202BF /* icon@2x.png */; };
		30A0434814DC770100060A13 /* Localizable.strings in Resources */ = {isa = PBXBuildFile; fileRef = 30A0434314DC770100060A13 /* Localizable.strings */; };
		30FC414916E50CA1004E6F35 /* icon-72@2x.png in Resources */ = {isa = PBXBuildFile; fileRef = 30FC414816E50CA1004E6F35 /* icon-72@2x.png */; };
		5AEE5B35173C68D80009041E /* CoreLocation.framework in Frameworks */ = {isa = PBXBuildFile; fileRef = 5AEE5B34173C68D80009041E /* CoreLocation.framework */; };
		5B1594DD16A7569C00FEF299 /* AssetsLibrary.framework in Frameworks */ = {isa = PBXBuildFile; fileRef = 5B1594DC16A7569C00FEF299 /* AssetsLibrary.framework */; };
		7E7966DE1810823500FA85AD /* icon-40.png in Resources */ = {isa = PBXBuildFile; fileRef = 7E7966D41810823500FA85AD /* icon-40.png */; };
		7E7966DF1810823500FA85AD /* icon-40@2x.png in Resources */ = {isa = PBXBuildFile; fileRef = 7E7966D51810823500FA85AD /* icon-40@2x.png */; };
		7E7966E01810823500FA85AD /* icon-50.png in Resources */ = {isa = PBXBuildFile; fileRef = 7E7966D61810823500FA85AD /* icon-50.png */; };
		7E7966E11810823500FA85AD /* icon-50@2x.png in Resources */ = {isa = PBXBuildFile; fileRef = 7E7966D71810823500FA85AD /* icon-50@2x.png */; };
		7E7966E21810823500FA85AD /* icon-60.png in Resources */ = {isa = PBXBuildFile; fileRef = 7E7966D81810823500FA85AD /* icon-60.png */; };
		7E7966E31810823500FA85AD /* icon-60@2x.png in Resources */ = {isa = PBXBuildFile; fileRef = 7E7966D91810823500FA85AD /* icon-60@2x.png */; };
		7E7966E41810823500FA85AD /* icon-76.png in Resources */ = {isa = PBXBuildFile; fileRef = 7E7966DA1810823500FA85AD /* icon-76.png */; };
		7E7966E51810823500FA85AD /* icon-76@2x.png in Resources */ = {isa = PBXBuildFile; fileRef = 7E7966DB1810823500FA85AD /* icon-76@2x.png */; };
		7E7966E61810823500FA85AD /* icon-small.png in Resources */ = {isa = PBXBuildFile; fileRef = 7E7966DC1810823500FA85AD /* icon-small.png */; };
		7E7966E71810823500FA85AD /* icon-small@2x.png in Resources */ = {isa = PBXBuildFile; fileRef = 7E7966DD1810823500FA85AD /* icon-small@2x.png */; };
		A6424F46CD324BC5A98C3DED /* CDVNotification.bundle in Resources */ = {isa = PBXBuildFile; fileRef = 78557F70FE3B47E682C9C5FC /* CDVNotification.bundle */; };
		AC0EDB61191024200011CD32 /* Default-Landscape@2x~ipad.png in Resources */ = {isa = PBXBuildFile; fileRef = AC0EDB5F191024200011CD32 /* Default-Landscape@2x~ipad.png */; };
		AC0EDB62191024200011CD32 /* Default-Landscape~ipad.png in Resources */ = {isa = PBXBuildFile; fileRef = AC0EDB60191024200011CD32 /* Default-Landscape~ipad.png */; };
		AC21E4DC18EA17C7004D58B6 /* Default.png in Resources */ = {isa = PBXBuildFile; fileRef = AC21E4DA18EA17C7004D58B6 /* Default.png */; };
		AC21E4DE18EA17FA004D58B6 /* Default@2x~ipad.png in Resources */ = {isa = PBXBuildFile; fileRef = AC21E4DD18EA17FA004D58B6 /* Default@2x~ipad.png */; };
		BF0673D31950F27E0026C411 /* CoreMotion.framework in Frameworks */ = {isa = PBXBuildFile; fileRef = A3411C91DEDE44008453EF7B /* CoreMotion.framework */; };
		BF0673D41950F2890026C411 /* SystemConfiguration.framework in Frameworks */ = {isa = PBXBuildFile; fileRef = CF2A1D064F024E8D88A35F0D /* SystemConfiguration.framework */; };
		BF0673D71950F2E50026C411 /* CDVDevice.m in Sources */ = {isa = PBXBuildFile; fileRef = BF0673D61950F2E50026C411 /* CDVDevice.m */; };
		BF0673DA1950F30B0026C411 /* CDVSplashScreen.m in Sources */ = {isa = PBXBuildFile; fileRef = BF0673D91950F30B0026C411 /* CDVSplashScreen.m */; };
		BF0673DF1950FA720026C411 /* CDVContact.m in Sources */ = {isa = PBXBuildFile; fileRef = BF0673DC1950FA720026C411 /* CDVContact.m */; };
		BF0673E01950FA720026C411 /* CDVContacts.m in Sources */ = {isa = PBXBuildFile; fileRef = BF0673DE1950FA720026C411 /* CDVContacts.m */; };
		BF0673E31950FA950026C411 /* CDVLocation.m in Sources */ = {isa = PBXBuildFile; fileRef = BF0673E21950FA950026C411 /* CDVLocation.m */; };
		BF0673E61950FA9E0026C411 /* CDVGlobalization.m in Sources */ = {isa = PBXBuildFile; fileRef = BF0673E51950FA9E0026C411 /* CDVGlobalization.m */; };
		BF0673E91950FAB80026C411 /* CDVSound.m in Sources */ = {isa = PBXBuildFile; fileRef = BF0673E81950FAB80026C411 /* CDVSound.m */; };
		BF0673ED1950FB880026C411 /* AddressBook.framework in Frameworks */ = {isa = PBXBuildFile; fileRef = 4D993850595C45E6BB359987 /* AddressBook.framework */; };
		BF0673EE1950FBAF0026C411 /* AddressBookUI.framework in Frameworks */ = {isa = PBXBuildFile; fileRef = D93BA6E3C88F4433942E5AC8 /* AddressBookUI.framework */; };
		BF0673F2195102700026C411 /* CDVVibration.m in Sources */ = {isa = PBXBuildFile; fileRef = BF0673F1195102700026C411 /* CDVVibration.m */; };
		BF0673F5195102830026C411 /* CDVInAppBrowser.m in Sources */ = {isa = PBXBuildFile; fileRef = BF0673F4195102830026C411 /* CDVInAppBrowser.m */; };
		BF0673F8195102A20026C411 /* CDVNotification.m in Sources */ = {isa = PBXBuildFile; fileRef = BF0673F7195102A20026C411 /* CDVNotification.m */; };
		BFBF2B1819899DD40078D8FA /* CDVCamera.m in Sources */ = {isa = PBXBuildFile; fileRef = BFBF2B1419899DD40078D8FA /* CDVCamera.m */; };
		BFBF2B1919899DD40078D8FA /* CDVJpegHeaderWriter.m in Sources */ = {isa = PBXBuildFile; fileRef = BFBF2B1719899DD40078D8FA /* CDVJpegHeaderWriter.m */; };
		BFBF2B1A19899DE20078D8FA /* ImageIO.framework in Frameworks */ = {isa = PBXBuildFile; fileRef = ACD132BA2B764B47BEE06ACB /* ImageIO.framework */; };
		BFBF2B1C19899DEB0078D8FA /* OpenAL.framework in Frameworks */ = {isa = PBXBuildFile; fileRef = BFBF2B1B19899DEB0078D8FA /* OpenAL.framework */; };
		BFBF8F79194A543E006BD792 /* CDVAssetLibraryFilesystem.m in Sources */ = {isa = PBXBuildFile; fileRef = BFBF8F74194A543E006BD792 /* CDVAssetLibraryFilesystem.m */; };
		BFBF8F7A194A543E006BD792 /* CDVFile.m in Sources */ = {isa = PBXBuildFile; fileRef = BFBF8F76194A543E006BD792 /* CDVFile.m */; };
		BFBF8F7B194A543E006BD792 /* CDVLocalFilesystem.m in Sources */ = {isa = PBXBuildFile; fileRef = BFBF8F78194A543E006BD792 /* CDVLocalFilesystem.m */; };
		BFBF8F7E194A5446006BD792 /* CDVFileTransfer.m in Sources */ = {isa = PBXBuildFile; fileRef = BFBF8F7D194A5446006BD792 /* CDVFileTransfer.m */; };
		BFBF8F81194A5475006BD792 /* CDVAccelerometer.m in Sources */ = {isa = PBXBuildFile; fileRef = BFBF8F80194A5475006BD792 /* CDVAccelerometer.m */; };
		BFBF8F86194A54A2006BD792 /* CDVConnection.m in Sources */ = {isa = PBXBuildFile; fileRef = BFBF8F83194A54A2006BD792 /* CDVConnection.m */; };
		BFBF8F87194A54A2006BD792 /* CDVReachability.m in Sources */ = {isa = PBXBuildFile; fileRef = BFBF8F85194A54A2006BD792 /* CDVReachability.m */; };
		CA480DFE192E428094AA1F7F /* Insomnia.m in Sources */ = {isa = PBXBuildFile; fileRef = 7D0241DCE35346FC8F962645 /* Insomnia.m */; };
		CF1E9DA9529D424AB9C3AF50 /* CDVCapture.m in Sources */ = {isa = PBXBuildFile; fileRef = 6056D4F18A6349DFB4CF6264 /* CDVCapture.m */; };
		D4A0D8761607E02300AEF8BB /* Default-568h@2x~iphone.png in Resources */ = {isa = PBXBuildFile; fileRef = D4A0D8751607E02300AEF8BB /* Default-568h@2x~iphone.png */; };
		DA6A81B1798C488B8988F105 /* CDVBattery.m in Sources */ = {isa = PBXBuildFile; fileRef = 4590EFF0F01D4E4D922AE3BA /* CDVBattery.m */; };
		F2D71E42781A4B61858FCB8E /* CDVStatusBar.m in Sources */ = {isa = PBXBuildFile; fileRef = 0268920529F24F7BA1B30B4F /* CDVStatusBar.m */; };
		F840E1F1165FE0F500CFE078 /* config.xml in Resources */ = {isa = PBXBuildFile; fileRef = F840E1F0165FE0F500CFE078 /* config.xml */; };
		F81550ED37EC46618D1D248C /* ADBMobile_PhoneGap.m in Sources */ = {isa = PBXBuildFile; fileRef = 22858487499C477F97BEBD5B /* ADBMobile_PhoneGap.m */; };
		7289A1E5F5694EB68C561DA4 /* AdobeMobileLibrary.a in Frameworks */ = {isa = PBXBuildFile; fileRef = 723814EEF00F4BCCA442CA3D /* AdobeMobileLibrary.a */; };
		C5938E7219DA4B2C956B50BF /* ADBMobileConfig.json in Resources */ = {isa = PBXBuildFile; fileRef = 48DD4A4AEB7E40DBBA880A6C /* ADBMobileConfig.json */; };
		81524D7251EF4907BA0D0443 /* libsqlite3.dylib in Frameworks */ = {isa = PBXBuildFile; fileRef = 8129D0B1E7144F0B82BA362D /* libsqlite3.dylib */; };
		AF2B750DF9754E6BB5D6ECDB /* CDVAppsee.m in Sources */ = {isa = PBXBuildFile; fileRef = C98AACCBD1BC462E95287631 /* CDVAppsee.m */; };
		0F30E2326A014775A44ABD5F /* Appsee in Resources */ = {isa = PBXBuildFile; fileRef = 7239EBD3D9144840B56E22C2 /* Appsee */; };
		8894548B0A4448D3A9F5BE18 /* AVFoundation.framework in Frameworks */ = {isa = PBXBuildFile; fileRef = 82B5BE427D0944BFB0F60E5F /* AVFoundation.framework */; };
		4929122BC12D48C6A746AE55 /* CoreMedia.framework in Frameworks */ = {isa = PBXBuildFile; fileRef = AF7338EE7EF14D3A8234906E /* CoreMedia.framework */; };
		76E2C198CDF14E95A95B094E /* CoreVideo.framework in Frameworks */ = {isa = PBXBuildFile; fileRef = FFB5C31AE6DF4713984F901C /* CoreVideo.framework */; };
		4D5D19CF0BD944E0B02506CE /* QuartzCore.framework in Frameworks */ = {isa = PBXBuildFile; fileRef = BB435DC9A5584AD2937D9E48 /* QuartzCore.framework */; };
		E576C2EAB34B448A88A2AA0E /* SOSPicker.m in Sources */ = {isa = PBXBuildFile; fileRef = DC4919134CC44A9CACE2B8FD /* SOSPicker.m */; };
		257534E933A24890BC548958 /* ELCAlbumPickerController.m in Sources */ = {isa = PBXBuildFile; fileRef = 3DB8004032C34B12B8DDC2F4 /* ELCAlbumPickerController.m */; };
		AC87B3FBF4114043A7BA8D7B /* ELCAsset.m in Sources */ = {isa = PBXBuildFile; fileRef = BE8FFD0ECC13452788D77324 /* ELCAsset.m */; };
		9D2E5EF995CD48BC8072B80E /* ELCAssetCell.m in Sources */ = {isa = PBXBuildFile; fileRef = 8A0D604106E14792891CC953 /* ELCAssetCell.m */; };
		7D10D89246794553AC1FF407 /* ELCAssetTablePicker.m in Sources */ = {isa = PBXBuildFile; fileRef = E09C8363E8EA439E9EE8839B /* ELCAssetTablePicker.m */; };
		3BB9E5620CAB4E3EB3EE1A8F /* ELCImagePickerController.m in Sources */ = {isa = PBXBuildFile; fileRef = E701EBD3ED554F0B940DB67A /* ELCImagePickerController.m */; };
		46D823414B2D446CBFFDEF4A /* ELCAlbumPickerController.xib in Resources */ = {isa = PBXBuildFile; fileRef = A135CB4C26D148D1B8AC313E /* ELCAlbumPickerController.xib */; };
		722E43769D3D4FB6B24D886B /* ELCAssetPicker.xib in Resources */ = {isa = PBXBuildFile; fileRef = FF4EC50A07F644D0B462D803 /* ELCAssetPicker.xib */; };
		7EE011BC6DA64166924A3CED /* ELCAssetTablePicker.xib in Resources */ = {isa = PBXBuildFile; fileRef = 219A79C131C9402AB414AF9F /* ELCAssetTablePicker.xib */; };
		59157F8DD2C148748BA88228 /* Overlay.png in Resources */ = {isa = PBXBuildFile; fileRef = EBAA5DA173B8472F922D5F03 /* Overlay.png */; };
		686E81DC575B4B8B99584C68 /* Overlay@2x.png in Resources */ = {isa = PBXBuildFile; fileRef = F189FC9EA87D478A9B8AEF18 /* Overlay@2x.png */; };
		B277678135CB49BDA4631F71 /* PushNotificationPlugin.m in Sources */ = {isa = PBXBuildFile; fileRef = 29B15834E1AC4337A2C4EA53 /* PushNotificationPlugin.m */; };
		1E34767004A64231AB30A8F3 /* libUAirship-4.0.0.a in Frameworks */ = {isa = PBXBuildFile; fileRef = 375E60D70CC145D09D42032B /* libUAirship-4.0.0.a */; };
		6C1A991D57714AFEBD0C1BF3 /* libz.dylib in Frameworks */ = {isa = PBXBuildFile; fileRef = 886E4390DE5C46208EF24D7A /* libz.dylib */; };
		F4DEB582D89F46F8BE42642F /* CFNetwork.framework in Frameworks */ = {isa = PBXBuildFile; fileRef = 28257CBFDEEC400EAC04BE60 /* CFNetwork.framework */; settings = {ATTRIBUTES = (Weak, ); }; };
		1E2202BA75CA43A29EC7D6CA /* Foundation.framework in Frameworks */ = {isa = PBXBuildFile; fileRef = 2065F70B1A9844F091455029 /* Foundation.framework */; settings = {ATTRIBUTES = (Weak, ); }; };
		2713577D4F95464696D9D7BE /* Security.framework in Frameworks */ = {isa = PBXBuildFile; fileRef = 4928D3F44DD3489884C675FD /* Security.framework */; settings = {ATTRIBUTES = (Weak, ); }; };
		EEEE23D14AFF422ABE4F5F38 /* UIKit.framework in Frameworks */ = {isa = PBXBuildFile; fileRef = 877EFC8001204D759B9721E3 /* UIKit.framework */; settings = {ATTRIBUTES = (Weak, ); }; };
		718757102D054C95BD6F532E /* CoreTelephony.framework in Frameworks */ = {isa = PBXBuildFile; fileRef = 649E17CB5938449F9B8CF671 /* CoreTelephony.framework */; settings = {ATTRIBUTES = (Weak, ); }; };
/* End PBXBuildFile section */

/* Begin PBXContainerItemProxy section */
		301BF534109A57CC0062928A /* PBXContainerItemProxy */ = {
			isa = PBXContainerItemProxy;
			containerPortal = 301BF52D109A57CC0062928A /* CordovaLib.xcodeproj */;
			proxyType = 2;
			remoteGlobalIDString = D2AAC07E0554694100DB518D;
			remoteInfo = CordovaLib;
		};
		301BF550109A68C00062928A /* PBXContainerItemProxy */ = {
			isa = PBXContainerItemProxy;
			containerPortal = 301BF52D109A57CC0062928A /* CordovaLib.xcodeproj */;
			proxyType = 1;
			remoteGlobalIDString = D2AAC07D0554694100DB518D;
			remoteInfo = CordovaLib;
		};
/* End PBXContainerItemProxy section */

/* Begin PBXFileReference section */
		0268920529F24F7BA1B30B4F /* CDVStatusBar.m */ = {isa = PBXFileReference; fileEncoding = 4; lastKnownFileType = sourcecode.c.objc; name = CDVStatusBar.m; path = org.apache.cordova.statusbar/CDVStatusBar.m; sourceTree = "<group>"; };
		1D3623240D0F684500981E51 /* AppDelegate.h */ = {isa = PBXFileReference; fileEncoding = 4; lastKnownFileType = sourcecode.c.h; path = AppDelegate.h; sourceTree = "<group>"; };
		1D3623250D0F684500981E51 /* AppDelegate.m */ = {isa = PBXFileReference; fileEncoding = 4; lastKnownFileType = sourcecode.c.objc; path = AppDelegate.m; sourceTree = "<group>"; };
		1D6058910D05DD3D006BFB54 /* PhoneGap.app */ = {isa = PBXFileReference; explicitFileType = wrapper.application; includeInIndex = 0; path = PhoneGap.app; sourceTree = BUILT_PRODUCTS_DIR; };
		1F766FDD13BBADB100FB74C0 /* en */ = {isa = PBXFileReference; lastKnownFileType = text.plist.strings; name = en; path = Localizable.strings; sourceTree = "<group>"; };
		1F766FE013BBADB100FB74C0 /* es */ = {isa = PBXFileReference; lastKnownFileType = text.plist.strings; name = es; path = Localizable.strings; sourceTree = "<group>"; };
		288765FC0DF74451002DB57D /* CoreGraphics.framework */ = {isa = PBXFileReference; lastKnownFileType = wrapper.framework; name = CoreGraphics.framework; path = System/Library/Frameworks/CoreGraphics.framework; sourceTree = SDKROOT; };
		29B97316FDCFA39411CA2CEA /* main.m */ = {isa = PBXFileReference; fileEncoding = 4; lastKnownFileType = sourcecode.c.objc; path = main.m; sourceTree = "<group>"; };
		301BF52D109A57CC0062928A /* CordovaLib.xcodeproj */ = {isa = PBXFileReference; lastKnownFileType = "wrapper.pb-project"; name = CordovaLib.xcodeproj; path = CordovaLib/CordovaLib.xcodeproj; sourceTree = "<group>"; };
		301BF56E109A69640062928A /* www */ = {isa = PBXFileReference; lastKnownFileType = folder; path = www; sourceTree = SOURCE_ROOT; };
		302D95EE14D2391D003F00A1 /* MainViewController.h */ = {isa = PBXFileReference; fileEncoding = 4; lastKnownFileType = sourcecode.c.h; path = MainViewController.h; sourceTree = "<group>"; };
		302D95EF14D2391D003F00A1 /* MainViewController.m */ = {isa = PBXFileReference; fileEncoding = 4; lastKnownFileType = sourcecode.c.objc; path = MainViewController.m; sourceTree = "<group>"; };
		302D95F014D2391D003F00A1 /* MainViewController.xib */ = {isa = PBXFileReference; fileEncoding = 4; lastKnownFileType = file.xib; path = MainViewController.xib; sourceTree = "<group>"; };
		305D5FD0115AB8F900A74A75 /* MobileCoreServices.framework */ = {isa = PBXFileReference; lastKnownFileType = wrapper.framework; name = MobileCoreServices.framework; path = System/Library/Frameworks/MobileCoreServices.framework; sourceTree = SDKROOT; };
		3088BBB9154F3926009F9C59 /* Default-Portrait@2x~ipad.png */ = {isa = PBXFileReference; lastKnownFileType = image.png; path = "Default-Portrait@2x~ipad.png"; sourceTree = "<group>"; };
		3088BBBA154F3926009F9C59 /* Default-Portrait~ipad.png */ = {isa = PBXFileReference; lastKnownFileType = image.png; path = "Default-Portrait~ipad.png"; sourceTree = "<group>"; };
		3088BBBB154F3926009F9C59 /* Default@2x~iphone.png */ = {isa = PBXFileReference; lastKnownFileType = image.png; path = "Default@2x~iphone.png"; sourceTree = "<group>"; };
		3088BBBC154F3926009F9C59 /* Default~iphone.png */ = {isa = PBXFileReference; lastKnownFileType = image.png; path = "Default~iphone.png"; sourceTree = "<group>"; };
		308D052E1370CCF300D202BF /* icon-72.png */ = {isa = PBXFileReference; lastKnownFileType = image.png; path = "icon-72.png"; sourceTree = "<group>"; };
		308D052F1370CCF300D202BF /* icon.png */ = {isa = PBXFileReference; lastKnownFileType = image.png; path = icon.png; sourceTree = "<group>"; };
		308D05301370CCF300D202BF /* icon@2x.png */ = {isa = PBXFileReference; lastKnownFileType = image.png; path = "icon@2x.png"; sourceTree = "<group>"; };
		30A0434414DC770100060A13 /* de */ = {isa = PBXFileReference; lastKnownFileType = text.plist.strings; name = de; path = Localizable.strings; sourceTree = "<group>"; };
		30A0434714DC770100060A13 /* se */ = {isa = PBXFileReference; lastKnownFileType = text.plist.strings; name = se; path = Localizable.strings; sourceTree = "<group>"; };
		30FC414816E50CA1004E6F35 /* icon-72@2x.png */ = {isa = PBXFileReference; lastKnownFileType = image.png; path = "icon-72@2x.png"; sourceTree = "<group>"; };
		3256CDAD831E42B1915A840C /* Insomnia.h */ = {isa = PBXFileReference; fileEncoding = 4; lastKnownFileType = sourcecode.c.h; name = Insomnia.h; path = "nl.x-services.plugins.insomnia/Insomnia.h"; sourceTree = "<group>"; };
		32CA4F630368D1EE00C91783 /* PhoneGap-Prefix.pch */ = {isa = PBXFileReference; fileEncoding = 4; lastKnownFileType = sourcecode.c.h; path = "PhoneGap-Prefix.pch"; sourceTree = "<group>"; };
		3D58D6226B7E4D2EBB8807E6 /* CDVCompass.h */ = {isa = PBXFileReference; fileEncoding = 4; lastKnownFileType = sourcecode.c.h; name = CDVCompass.h; path = "org.apache.cordova.device-orientation/CDVCompass.h"; sourceTree = "<group>"; };
		41F4B378F1CA4FD9A1F0AAC7 /* CDVNotification.bundle */ = {isa = PBXFileReference; lastKnownFileType = "wrapper.plug-in"; path = CDVNotification.bundle; sourceTree = "<group>"; };
		4590EFF0F01D4E4D922AE3BA /* CDVBattery.m */ = {isa = PBXFileReference; fileEncoding = 4; lastKnownFileType = sourcecode.c.objc; name = CDVBattery.m; path = "org.apache.cordova.battery-status/CDVBattery.m"; sourceTree = "<group>"; };
		4D993850595C45E6BB359987 /* AddressBook.framework */ = {isa = PBXFileReference; fileEncoding = 4; lastKnownFileType = wrapper.framework; name = AddressBook.framework; path = System/Library/Frameworks/AddressBook.framework; sourceTree = SDKROOT; };
		5AEE5B34173C68D80009041E /* CoreLocation.framework */ = {isa = PBXFileReference; lastKnownFileType = wrapper.framework; name = CoreLocation.framework; path = System/Library/Frameworks/CoreLocation.framework; sourceTree = SDKROOT; };
		5B1594DC16A7569C00FEF299 /* AssetsLibrary.framework */ = {isa = PBXFileReference; lastKnownFileType = wrapper.framework; name = AssetsLibrary.framework; path = System/Library/Frameworks/AssetsLibrary.framework; sourceTree = SDKROOT; };
		6056D4F18A6349DFB4CF6264 /* CDVCapture.m */ = {isa = PBXFileReference; fileEncoding = 4; lastKnownFileType = sourcecode.c.objc; name = CDVCapture.m; path = "org.apache.cordova.media-capture/CDVCapture.m"; sourceTree = "<group>"; };
		6886DB88E64044A0AE9BD8F2 /* CDVCapture.bundle */ = {isa = PBXFileReference; lastKnownFileType = "wrapper.plug-in"; path = CDVCapture.bundle; sourceTree = "<group>"; };
		75D2469EBC914046B9E979B7 /* CDVLogger.m */ = {isa = PBXFileReference; fileEncoding = 4; lastKnownFileType = sourcecode.c.objc; name = CDVLogger.m; path = org.apache.cordova.console/CDVLogger.m; sourceTree = "<group>"; };
		78557F70FE3B47E682C9C5FC /* CDVNotification.bundle */ = {isa = PBXFileReference; lastKnownFileType = "wrapper.plug-in"; path = CDVNotification.bundle; sourceTree = "<group>"; };
		7D0241DCE35346FC8F962645 /* Insomnia.m */ = {isa = PBXFileReference; fileEncoding = 4; lastKnownFileType = sourcecode.c.objc; name = Insomnia.m; path = "nl.x-services.plugins.insomnia/Insomnia.m"; sourceTree = "<group>"; };
		7E7966D41810823500FA85AD /* icon-40.png */ = {isa = PBXFileReference; lastKnownFileType = image.png; path = "icon-40.png"; sourceTree = "<group>"; };
		7E7966D51810823500FA85AD /* icon-40@2x.png */ = {isa = PBXFileReference; lastKnownFileType = image.png; path = "icon-40@2x.png"; sourceTree = "<group>"; };
		7E7966D61810823500FA85AD /* icon-50.png */ = {isa = PBXFileReference; lastKnownFileType = image.png; path = "icon-50.png"; sourceTree = "<group>"; };
		7E7966D71810823500FA85AD /* icon-50@2x.png */ = {isa = PBXFileReference; lastKnownFileType = image.png; path = "icon-50@2x.png"; sourceTree = "<group>"; };
		7E7966D81810823500FA85AD /* icon-60.png */ = {isa = PBXFileReference; lastKnownFileType = image.png; path = "icon-60.png"; sourceTree = "<group>"; };
		7E7966D91810823500FA85AD /* icon-60@2x.png */ = {isa = PBXFileReference; lastKnownFileType = image.png; path = "icon-60@2x.png"; sourceTree = "<group>"; };
		7E7966DA1810823500FA85AD /* icon-76.png */ = {isa = PBXFileReference; lastKnownFileType = image.png; path = "icon-76.png"; sourceTree = "<group>"; };
		7E7966DB1810823500FA85AD /* icon-76@2x.png */ = {isa = PBXFileReference; lastKnownFileType = image.png; path = "icon-76@2x.png"; sourceTree = "<group>"; };
		7E7966DC1810823500FA85AD /* icon-small.png */ = {isa = PBXFileReference; lastKnownFileType = image.png; path = "icon-small.png"; sourceTree = "<group>"; };
		7E7966DD1810823500FA85AD /* icon-small@2x.png */ = {isa = PBXFileReference; lastKnownFileType = image.png; path = "icon-small@2x.png"; sourceTree = "<group>"; };
		8D1107310486CEB800E47090 /* PhoneGap-Info.plist */ = {isa = PBXFileReference; fileEncoding = 4; lastKnownFileType = text.plist.xml; name = "PhoneGap-Info.plist"; path = "../PhoneGap-Info.plist"; plistStructureDefinitionIdentifier = "com.apple.xcode.plist.structure-definition.iphone.info-plist"; sourceTree = "<group>"; };
		97F074BCD4994D7D862BD02D /* CDVCapture.bundle */ = {isa = PBXFileReference; lastKnownFileType = "wrapper.plug-in"; path = CDVCapture.bundle; sourceTree = "<group>"; };
		A3411C91DEDE44008453EF7B /* CoreMotion.framework */ = {isa = PBXFileReference; fileEncoding = 4; lastKnownFileType = wrapper.framework; name = CoreMotion.framework; path = System/Library/Frameworks/CoreMotion.framework; sourceTree = SDKROOT; };
		A60A56F8365B47E2853EADEB /* CDVStatusBar.h */ = {isa = PBXFileReference; fileEncoding = 4; lastKnownFileType = sourcecode.c.h; name = CDVStatusBar.h; path = org.apache.cordova.statusbar/CDVStatusBar.h; sourceTree = "<group>"; };
		AC0EDB5F191024200011CD32 /* Default-Landscape@2x~ipad.png */ = {isa = PBXFileReference; lastKnownFileType = image.png; path = "Default-Landscape@2x~ipad.png"; sourceTree = "<group>"; };
		AC0EDB60191024200011CD32 /* Default-Landscape~ipad.png */ = {isa = PBXFileReference; lastKnownFileType = image.png; path = "Default-Landscape~ipad.png"; sourceTree = "<group>"; };
		AC21E4DA18EA17C7004D58B6 /* Default.png */ = {isa = PBXFileReference; lastKnownFileType = image.png; path = Default.png; sourceTree = "<group>"; };
		AC21E4DD18EA17FA004D58B6 /* Default@2x~ipad.png */ = {isa = PBXFileReference; lastKnownFileType = image.png; path = "Default@2x~ipad.png"; sourceTree = "<group>"; };
		ACD132BA2B764B47BEE06ACB /* ImageIO.framework */ = {isa = PBXFileReference; fileEncoding = 4; lastKnownFileType = wrapper.framework; name = ImageIO.framework; path = System/Library/Frameworks/ImageIO.framework; sourceTree = SDKROOT; };
		BF0673D51950F2E50026C411 /* CDVDevice.h */ = {isa = PBXFileReference; fileEncoding = 4; lastKnownFileType = sourcecode.c.h; name = CDVDevice.h; path = org.apache.cordova.device/CDVDevice.h; sourceTree = "<group>"; };
		BF0673D61950F2E50026C411 /* CDVDevice.m */ = {isa = PBXFileReference; fileEncoding = 4; lastKnownFileType = sourcecode.c.objc; name = CDVDevice.m; path = org.apache.cordova.device/CDVDevice.m; sourceTree = "<group>"; };
		BF0673D81950F30B0026C411 /* CDVSplashScreen.h */ = {isa = PBXFileReference; fileEncoding = 4; lastKnownFileType = sourcecode.c.h; name = CDVSplashScreen.h; path = org.apache.cordova.splashscreen/CDVSplashScreen.h; sourceTree = "<group>"; };
		BF0673D91950F30B0026C411 /* CDVSplashScreen.m */ = {isa = PBXFileReference; fileEncoding = 4; lastKnownFileType = sourcecode.c.objc; name = CDVSplashScreen.m; path = org.apache.cordova.splashscreen/CDVSplashScreen.m; sourceTree = "<group>"; };
		BF0673DB1950FA720026C411 /* CDVContact.h */ = {isa = PBXFileReference; fileEncoding = 4; lastKnownFileType = sourcecode.c.h; name = CDVContact.h; path = org.apache.cordova.contacts/CDVContact.h; sourceTree = "<group>"; };
		BF0673DC1950FA720026C411 /* CDVContact.m */ = {isa = PBXFileReference; fileEncoding = 4; lastKnownFileType = sourcecode.c.objc; name = CDVContact.m; path = org.apache.cordova.contacts/CDVContact.m; sourceTree = "<group>"; };
		BF0673DD1950FA720026C411 /* CDVContacts.h */ = {isa = PBXFileReference; fileEncoding = 4; lastKnownFileType = sourcecode.c.h; name = CDVContacts.h; path = org.apache.cordova.contacts/CDVContacts.h; sourceTree = "<group>"; };
		BF0673DE1950FA720026C411 /* CDVContacts.m */ = {isa = PBXFileReference; fileEncoding = 4; lastKnownFileType = sourcecode.c.objc; name = CDVContacts.m; path = org.apache.cordova.contacts/CDVContacts.m; sourceTree = "<group>"; };
		BF0673E11950FA950026C411 /* CDVLocation.h */ = {isa = PBXFileReference; fileEncoding = 4; lastKnownFileType = sourcecode.c.h; name = CDVLocation.h; path = org.apache.cordova.geolocation/CDVLocation.h; sourceTree = "<group>"; };
		BF0673E21950FA950026C411 /* CDVLocation.m */ = {isa = PBXFileReference; fileEncoding = 4; lastKnownFileType = sourcecode.c.objc; name = CDVLocation.m; path = org.apache.cordova.geolocation/CDVLocation.m; sourceTree = "<group>"; };
		BF0673E41950FA9E0026C411 /* CDVGlobalization.h */ = {isa = PBXFileReference; fileEncoding = 4; lastKnownFileType = sourcecode.c.h; name = CDVGlobalization.h; path = org.apache.cordova.globalization/CDVGlobalization.h; sourceTree = "<group>"; };
		BF0673E51950FA9E0026C411 /* CDVGlobalization.m */ = {isa = PBXFileReference; fileEncoding = 4; lastKnownFileType = sourcecode.c.objc; name = CDVGlobalization.m; path = org.apache.cordova.globalization/CDVGlobalization.m; sourceTree = "<group>"; };
		BF0673E71950FAB80026C411 /* CDVSound.h */ = {isa = PBXFileReference; fileEncoding = 4; lastKnownFileType = sourcecode.c.h; name = CDVSound.h; path = org.apache.cordova.media/CDVSound.h; sourceTree = "<group>"; };
		BF0673E81950FAB80026C411 /* CDVSound.m */ = {isa = PBXFileReference; fileEncoding = 4; lastKnownFileType = sourcecode.c.objc; name = CDVSound.m; path = org.apache.cordova.media/CDVSound.m; sourceTree = "<group>"; };
		BF0673F0195102700026C411 /* CDVVibration.h */ = {isa = PBXFileReference; fileEncoding = 4; lastKnownFileType = sourcecode.c.h; name = CDVVibration.h; path = org.apache.cordova.vibration/CDVVibration.h; sourceTree = "<group>"; };
		BF0673F1195102700026C411 /* CDVVibration.m */ = {isa = PBXFileReference; fileEncoding = 4; lastKnownFileType = sourcecode.c.objc; name = CDVVibration.m; path = org.apache.cordova.vibration/CDVVibration.m; sourceTree = "<group>"; };
		BF0673F3195102830026C411 /* CDVInAppBrowser.h */ = {isa = PBXFileReference; fileEncoding = 4; lastKnownFileType = sourcecode.c.h; name = CDVInAppBrowser.h; path = org.apache.cordova.inappbrowser/CDVInAppBrowser.h; sourceTree = "<group>"; };
		BF0673F4195102830026C411 /* CDVInAppBrowser.m */ = {isa = PBXFileReference; fileEncoding = 4; lastKnownFileType = sourcecode.c.objc; name = CDVInAppBrowser.m; path = org.apache.cordova.inappbrowser/CDVInAppBrowser.m; sourceTree = "<group>"; };
		BF0673F6195102A20026C411 /* CDVNotification.h */ = {isa = PBXFileReference; fileEncoding = 4; lastKnownFileType = sourcecode.c.h; name = CDVNotification.h; path = org.apache.cordova.dialogs/CDVNotification.h; sourceTree = "<group>"; };
		BF0673F7195102A20026C411 /* CDVNotification.m */ = {isa = PBXFileReference; fileEncoding = 4; lastKnownFileType = sourcecode.c.objc; name = CDVNotification.m; path = org.apache.cordova.dialogs/CDVNotification.m; sourceTree = "<group>"; };
		BFBF2B1319899DD40078D8FA /* CDVCamera.h */ = {isa = PBXFileReference; fileEncoding = 4; lastKnownFileType = sourcecode.c.h; name = CDVCamera.h; path = org.apache.cordova.camera/CDVCamera.h; sourceTree = "<group>"; };
		BFBF2B1419899DD40078D8FA /* CDVCamera.m */ = {isa = PBXFileReference; fileEncoding = 4; lastKnownFileType = sourcecode.c.objc; name = CDVCamera.m; path = org.apache.cordova.camera/CDVCamera.m; sourceTree = "<group>"; };
		BFBF2B1519899DD40078D8FA /* CDVExif.h */ = {isa = PBXFileReference; fileEncoding = 4; lastKnownFileType = sourcecode.c.h; name = CDVExif.h; path = org.apache.cordova.camera/CDVExif.h; sourceTree = "<group>"; };
		BFBF2B1619899DD40078D8FA /* CDVJpegHeaderWriter.h */ = {isa = PBXFileReference; fileEncoding = 4; lastKnownFileType = sourcecode.c.h; name = CDVJpegHeaderWriter.h; path = org.apache.cordova.camera/CDVJpegHeaderWriter.h; sourceTree = "<group>"; };
		BFBF2B1719899DD40078D8FA /* CDVJpegHeaderWriter.m */ = {isa = PBXFileReference; fileEncoding = 4; lastKnownFileType = sourcecode.c.objc; name = CDVJpegHeaderWriter.m; path = org.apache.cordova.camera/CDVJpegHeaderWriter.m; sourceTree = "<group>"; };
		BFBF2B1B19899DEB0078D8FA /* OpenAL.framework */ = {isa = PBXFileReference; lastKnownFileType = wrapper.framework; name = OpenAL.framework; path = System/Library/Frameworks/OpenAL.framework; sourceTree = SDKROOT; };
		BFBF8F73194A543E006BD792 /* CDVAssetLibraryFilesystem.h */ = {isa = PBXFileReference; fileEncoding = 4; lastKnownFileType = sourcecode.c.h; name = CDVAssetLibraryFilesystem.h; path = org.apache.cordova.file/CDVAssetLibraryFilesystem.h; sourceTree = "<group>"; };
		BFBF8F74194A543E006BD792 /* CDVAssetLibraryFilesystem.m */ = {isa = PBXFileReference; fileEncoding = 4; lastKnownFileType = sourcecode.c.objc; name = CDVAssetLibraryFilesystem.m; path = org.apache.cordova.file/CDVAssetLibraryFilesystem.m; sourceTree = "<group>"; };
		BFBF8F75194A543E006BD792 /* CDVFile.h */ = {isa = PBXFileReference; fileEncoding = 4; lastKnownFileType = sourcecode.c.h; name = CDVFile.h; path = org.apache.cordova.file/CDVFile.h; sourceTree = "<group>"; };
		BFBF8F76194A543E006BD792 /* CDVFile.m */ = {isa = PBXFileReference; fileEncoding = 4; lastKnownFileType = sourcecode.c.objc; name = CDVFile.m; path = org.apache.cordova.file/CDVFile.m; sourceTree = "<group>"; };
		BFBF8F77194A543E006BD792 /* CDVLocalFilesystem.h */ = {isa = PBXFileReference; fileEncoding = 4; lastKnownFileType = sourcecode.c.h; name = CDVLocalFilesystem.h; path = org.apache.cordova.file/CDVLocalFilesystem.h; sourceTree = "<group>"; };
		BFBF8F78194A543E006BD792 /* CDVLocalFilesystem.m */ = {isa = PBXFileReference; fileEncoding = 4; lastKnownFileType = sourcecode.c.objc; name = CDVLocalFilesystem.m; path = org.apache.cordova.file/CDVLocalFilesystem.m; sourceTree = "<group>"; };
		BFBF8F7C194A5446006BD792 /* CDVFileTransfer.h */ = {isa = PBXFileReference; fileEncoding = 4; lastKnownFileType = sourcecode.c.h; name = CDVFileTransfer.h; path = "org.apache.cordova.file-transfer/CDVFileTransfer.h"; sourceTree = "<group>"; };
		BFBF8F7D194A5446006BD792 /* CDVFileTransfer.m */ = {isa = PBXFileReference; fileEncoding = 4; lastKnownFileType = sourcecode.c.objc; name = CDVFileTransfer.m; path = "org.apache.cordova.file-transfer/CDVFileTransfer.m"; sourceTree = "<group>"; };
		BFBF8F7F194A5475006BD792 /* CDVAccelerometer.h */ = {isa = PBXFileReference; fileEncoding = 4; lastKnownFileType = sourcecode.c.h; name = CDVAccelerometer.h; path = "org.apache.cordova.device-motion/CDVAccelerometer.h"; sourceTree = "<group>"; };
		BFBF8F80194A5475006BD792 /* CDVAccelerometer.m */ = {isa = PBXFileReference; fileEncoding = 4; lastKnownFileType = sourcecode.c.objc; name = CDVAccelerometer.m; path = "org.apache.cordova.device-motion/CDVAccelerometer.m"; sourceTree = "<group>"; };
		BFBF8F82194A54A2006BD792 /* CDVConnection.h */ = {isa = PBXFileReference; fileEncoding = 4; lastKnownFileType = sourcecode.c.h; name = CDVConnection.h; path = "org.apache.cordova.network-information/CDVConnection.h"; sourceTree = "<group>"; };
		BFBF8F83194A54A2006BD792 /* CDVConnection.m */ = {isa = PBXFileReference; fileEncoding = 4; lastKnownFileType = sourcecode.c.objc; name = CDVConnection.m; path = "org.apache.cordova.network-information/CDVConnection.m"; sourceTree = "<group>"; };
		BFBF8F84194A54A2006BD792 /* CDVReachability.h */ = {isa = PBXFileReference; fileEncoding = 4; lastKnownFileType = sourcecode.c.h; name = CDVReachability.h; path = "org.apache.cordova.network-information/CDVReachability.h"; sourceTree = "<group>"; };
		BFBF8F85194A54A2006BD792 /* CDVReachability.m */ = {isa = PBXFileReference; fileEncoding = 4; lastKnownFileType = sourcecode.c.objc; name = CDVReachability.m; path = "org.apache.cordova.network-information/CDVReachability.m"; sourceTree = "<group>"; };
		C12680111BFA4417845AE8B9 /* CDVBattery.h */ = {isa = PBXFileReference; fileEncoding = 4; lastKnownFileType = sourcecode.c.h; name = CDVBattery.h; path = "org.apache.cordova.battery-status/CDVBattery.h"; sourceTree = "<group>"; };
		CB1EB6EA41D940A49389E5C6 /* CDVCompass.m */ = {isa = PBXFileReference; fileEncoding = 4; lastKnownFileType = sourcecode.c.objc; name = CDVCompass.m; path = "org.apache.cordova.device-orientation/CDVCompass.m"; sourceTree = "<group>"; };
		CF2A1D064F024E8D88A35F0D /* SystemConfiguration.framework */ = {isa = PBXFileReference; fileEncoding = 4; lastKnownFileType = wrapper.framework; name = SystemConfiguration.framework; path = System/Library/Frameworks/SystemConfiguration.framework; sourceTree = SDKROOT; };
		D4A0D8751607E02300AEF8BB /* Default-568h@2x~iphone.png */ = {isa = PBXFileReference; lastKnownFileType = image.png; path = "Default-568h@2x~iphone.png"; sourceTree = "<group>"; };
		D93BA6E3C88F4433942E5AC8 /* AddressBookUI.framework */ = {isa = PBXFileReference; fileEncoding = 4; lastKnownFileType = wrapper.framework; name = AddressBookUI.framework; path = System/Library/Frameworks/AddressBookUI.framework; sourceTree = SDKROOT; };
		DD9F697B034B4A49B4E190C2 /* CDVLogger.h */ = {isa = PBXFileReference; fileEncoding = 4; lastKnownFileType = sourcecode.c.h; name = CDVLogger.h; path = org.apache.cordova.console/CDVLogger.h; sourceTree = "<group>"; };
		F14790EEB5E04004AA77C076 /* CDVCapture.bundle */ = {isa = PBXFileReference; lastKnownFileType = "wrapper.plug-in"; path = CDVCapture.bundle; sourceTree = "<group>"; };
		F72137C8735340378EFFDAE3 /* CDVCapture.h */ = {isa = PBXFileReference; fileEncoding = 4; lastKnownFileType = sourcecode.c.h; name = CDVCapture.h; path = "org.apache.cordova.media-capture/CDVCapture.h"; sourceTree = "<group>"; };
		F840E1F0165FE0F500CFE078 /* config.xml */ = {isa = PBXFileReference; lastKnownFileType = text.xml; name = config.xml; path = PhoneGap/config.xml; sourceTree = "<group>"; };
		F9F4B3CB13C64DDFB93917E0 /* AudioToolbox.framework */ = {isa = PBXFileReference; fileEncoding = 4; lastKnownFileType = wrapper.framework; name = AudioToolbox.framework; path = System/Library/Frameworks/AudioToolbox.framework; sourceTree = SDKROOT; };
		22858487499C477F97BEBD5B /* ADBMobile_PhoneGap.m */ = {isa = PBXFileReference; lastKnownFileType = sourcecode.c.objc; name = "ADBMobile_PhoneGap.m"; path = "ADBMobile/ADBMobile_PhoneGap.m"; sourceTree = "<group>"; fileEncoding = 4; };
		723814EEF00F4BCCA442CA3D /* AdobeMobileLibrary.a */ = {isa = PBXFileReference; lastKnownFileType = archive.ar; name = "AdobeMobileLibrary.a"; path = "PhoneGap/Plugins/ADBMobile/AdobeMobileLibrary.a"; sourceTree = "<group>"; fileEncoding = 4; };
		9722C0F717874ACF8BA756C7 /* ADBMobile_PhoneGap.h */ = {isa = PBXFileReference; lastKnownFileType = sourcecode.c.h; name = "ADBMobile_PhoneGap.h"; path = "ADBMobile/ADBMobile_PhoneGap.h"; sourceTree = "<group>"; fileEncoding = 4; };
		BAE56E10E490456BB8CFA4EC /* ADBMobile.h */ = {isa = PBXFileReference; lastKnownFileType = sourcecode.c.h; name = "ADBMobile.h"; path = "ADBMobile/ADBMobile.h"; sourceTree = "<group>"; fileEncoding = 4; };
		48DD4A4AEB7E40DBBA880A6C /* ADBMobileConfig.json */ = {isa = PBXFileReference; lastKnownFileType = unknown; name = "ADBMobileConfig.json"; path = "ADBMobileConfig.json"; sourceTree = "<group>"; fileEncoding = 4; };
		8129D0B1E7144F0B82BA362D /* libsqlite3.dylib */ = {isa = PBXFileReference; lastKnownFileType = "compiled.mach-o.dylib"; name = "libsqlite3.dylib"; path = "usr/lib/libsqlite3.dylib"; sourceTree = SDKROOT; fileEncoding = 4; };
		C98AACCBD1BC462E95287631 /* CDVAppsee.m */ = {isa = PBXFileReference; lastKnownFileType = sourcecode.c.objc; name = "CDVAppsee.m"; path = "com.appsee.plugin/CDVAppsee.m"; sourceTree = "<group>"; fileEncoding = 4; };
		7239EBD3D9144840B56E22C2 /* Appsee */ = {isa = PBXFileReference; lastKnownFileType = unknown; name = "Appsee"; path = "PhoneGap/Plugins/com.appsee.plugin/Appsee"; sourceTree = "<group>"; fileEncoding = 4; };
		34526AA320A547ABB5FE1D46 /* CDVAppsee.h */ = {isa = PBXFileReference; lastKnownFileType = sourcecode.c.h; name = "CDVAppsee.h"; path = "com.appsee.plugin/CDVAppsee.h"; sourceTree = "<group>"; fileEncoding = 4; };
		FE7902207AB646FBB6DB5862 /* Appsee.h */ = {isa = PBXFileReference; lastKnownFileType = sourcecode.c.h; name = "Appsee.h"; path = "com.appsee.plugin/Appsee.h"; sourceTree = "<group>"; fileEncoding = 4; };
		82B5BE427D0944BFB0F60E5F /* AVFoundation.framework */ = {isa = PBXFileReference; lastKnownFileType = wrapper.framework; name = "AVFoundation.framework"; path = "System/Library/Frameworks/AVFoundation.framework"; sourceTree = SDKROOT; fileEncoding = 4; };
		AF7338EE7EF14D3A8234906E /* CoreMedia.framework */ = {isa = PBXFileReference; lastKnownFileType = wrapper.framework; name = "CoreMedia.framework"; path = "System/Library/Frameworks/CoreMedia.framework"; sourceTree = SDKROOT; fileEncoding = 4; };
		FFB5C31AE6DF4713984F901C /* CoreVideo.framework */ = {isa = PBXFileReference; lastKnownFileType = wrapper.framework; name = "CoreVideo.framework"; path = "System/Library/Frameworks/CoreVideo.framework"; sourceTree = SDKROOT; fileEncoding = 4; };
		BB435DC9A5584AD2937D9E48 /* QuartzCore.framework */ = {isa = PBXFileReference; lastKnownFileType = wrapper.framework; name = "QuartzCore.framework"; path = "System/Library/Frameworks/QuartzCore.framework"; sourceTree = SDKROOT; fileEncoding = 4; };
		DC4919134CC44A9CACE2B8FD /* SOSPicker.m */ = {isa = PBXFileReference; lastKnownFileType = sourcecode.c.objc; name = "SOSPicker.m"; path = "com.synconset.imagepicker/SOSPicker.m"; sourceTree = "<group>"; fileEncoding = 4; };
		3DB8004032C34B12B8DDC2F4 /* ELCAlbumPickerController.m */ = {isa = PBXFileReference; lastKnownFileType = sourcecode.c.objc; name = "ELCAlbumPickerController.m"; path = "com.synconset.imagepicker/ELCAlbumPickerController.m"; sourceTree = "<group>"; fileEncoding = 4; };
		BE8FFD0ECC13452788D77324 /* ELCAsset.m */ = {isa = PBXFileReference; lastKnownFileType = sourcecode.c.objc; name = "ELCAsset.m"; path = "com.synconset.imagepicker/ELCAsset.m"; sourceTree = "<group>"; fileEncoding = 4; };
		8A0D604106E14792891CC953 /* ELCAssetCell.m */ = {isa = PBXFileReference; lastKnownFileType = sourcecode.c.objc; name = "ELCAssetCell.m"; path = "com.synconset.imagepicker/ELCAssetCell.m"; sourceTree = "<group>"; fileEncoding = 4; };
		E09C8363E8EA439E9EE8839B /* ELCAssetTablePicker.m */ = {isa = PBXFileReference; lastKnownFileType = sourcecode.c.objc; name = "ELCAssetTablePicker.m"; path = "com.synconset.imagepicker/ELCAssetTablePicker.m"; sourceTree = "<group>"; fileEncoding = 4; };
		E701EBD3ED554F0B940DB67A /* ELCImagePickerController.m */ = {isa = PBXFileReference; lastKnownFileType = sourcecode.c.objc; name = "ELCImagePickerController.m"; path = "com.synconset.imagepicker/ELCImagePickerController.m"; sourceTree = "<group>"; fileEncoding = 4; };
		4446E99B2C094128A5B65C13 /* SOSPicker.h */ = {isa = PBXFileReference; lastKnownFileType = sourcecode.c.h; name = "SOSPicker.h"; path = "com.synconset.imagepicker/SOSPicker.h"; sourceTree = "<group>"; fileEncoding = 4; };
		3614696DE46A48BC99F80433 /* ELCAlbumPickerController.h */ = {isa = PBXFileReference; lastKnownFileType = sourcecode.c.h; name = "ELCAlbumPickerController.h"; path = "com.synconset.imagepicker/ELCAlbumPickerController.h"; sourceTree = "<group>"; fileEncoding = 4; };
		9D7131FE9C2747D594F7FE3E /* ELCAsset.h */ = {isa = PBXFileReference; lastKnownFileType = sourcecode.c.h; name = "ELCAsset.h"; path = "com.synconset.imagepicker/ELCAsset.h"; sourceTree = "<group>"; fileEncoding = 4; };
		FA81DF9694C1403E94F3A49B /* ELCAssetCell.h */ = {isa = PBXFileReference; lastKnownFileType = sourcecode.c.h; name = "ELCAssetCell.h"; path = "com.synconset.imagepicker/ELCAssetCell.h"; sourceTree = "<group>"; fileEncoding = 4; };
		C168A5C8AA014B9EB252C0C4 /* ELCAssetPickerFilterDelegate.h */ = {isa = PBXFileReference; lastKnownFileType = sourcecode.c.h; name = "ELCAssetPickerFilterDelegate.h"; path = "com.synconset.imagepicker/ELCAssetPickerFilterDelegate.h"; sourceTree = "<group>"; fileEncoding = 4; };
		CC756B1AB93D4EC7B51A453B /* ELCAssetSelectionDelegate.h */ = {isa = PBXFileReference; lastKnownFileType = sourcecode.c.h; name = "ELCAssetSelectionDelegate.h"; path = "com.synconset.imagepicker/ELCAssetSelectionDelegate.h"; sourceTree = "<group>"; fileEncoding = 4; };
		922EFBC554224CF9BC2681F7 /* ELCAssetTablePicker.h */ = {isa = PBXFileReference; lastKnownFileType = sourcecode.c.h; name = "ELCAssetTablePicker.h"; path = "com.synconset.imagepicker/ELCAssetTablePicker.h"; sourceTree = "<group>"; fileEncoding = 4; };
		7091365FA1504148BE15E8C0 /* ELCImagePickerController.h */ = {isa = PBXFileReference; lastKnownFileType = sourcecode.c.h; name = "ELCImagePickerController.h"; path = "com.synconset.imagepicker/ELCImagePickerController.h"; sourceTree = "<group>"; fileEncoding = 4; };
		A135CB4C26D148D1B8AC313E /* ELCAlbumPickerController.xib */ = {isa = PBXFileReference; lastKnownFileType = file.xib; name = "ELCAlbumPickerController.xib"; path = "ELCAlbumPickerController.xib"; sourceTree = "<group>"; fileEncoding = 4; };
		FF4EC50A07F644D0B462D803 /* ELCAssetPicker.xib */ = {isa = PBXFileReference; lastKnownFileType = file.xib; name = "ELCAssetPicker.xib"; path = "ELCAssetPicker.xib"; sourceTree = "<group>"; fileEncoding = 4; };
		219A79C131C9402AB414AF9F /* ELCAssetTablePicker.xib */ = {isa = PBXFileReference; lastKnownFileType = file.xib; name = "ELCAssetTablePicker.xib"; path = "ELCAssetTablePicker.xib"; sourceTree = "<group>"; fileEncoding = 4; };
		EBAA5DA173B8472F922D5F03 /* Overlay.png */ = {isa = PBXFileReference; lastKnownFileType = unknown; name = "Overlay.png"; path = "Overlay.png"; sourceTree = "<group>"; fileEncoding = 4; };
		F189FC9EA87D478A9B8AEF18 /* Overlay@2x.png */ = {isa = PBXFileReference; lastKnownFileType = unknown; name = "Overlay@2x.png"; path = "Overlay@2x.png"; sourceTree = "<group>"; fileEncoding = 4; };
		29B15834E1AC4337A2C4EA53 /* PushNotificationPlugin.m */ = {isa = PBXFileReference; lastKnownFileType = sourcecode.c.objc; name = "PushNotificationPlugin.m"; path = "com.urbanairship.phonegap.PushNotification/PushNotificationPlugin.m"; sourceTree = "<group>"; fileEncoding = 4; };
		375E60D70CC145D09D42032B /* libUAirship-4.0.0.a */ = {isa = PBXFileReference; lastKnownFileType = archive.ar; name = "libUAirship-4.0.0.a"; path = "PhoneGap/Plugins/com.urbanairship.phonegap.PushNotification/libUAirship-4.0.0.a"; sourceTree = "<group>"; fileEncoding = 4; };
		ECC1D7CF911B48D6B0DE3AD6 /* PushNotificationPlugin.h */ = {isa = PBXFileReference; lastKnownFileType = sourcecode.c.h; name = "PushNotificationPlugin.h"; path = "com.urbanairship.phonegap.PushNotification/PushNotificationPlugin.h"; sourceTree = "<group>"; fileEncoding = 4; };
		CF2380B92F444A7BAD1F6346 /* UAAnalytics.h */ = {isa = PBXFileReference; lastKnownFileType = sourcecode.c.h; name = "UAAnalytics.h"; path = "com.urbanairship.phonegap.PushNotification/UAAnalytics.h"; sourceTree = "<group>"; fileEncoding = 4; };
		3377F06C83C549F68096AF31 /* UAAnalyticsDBManager.h */ = {isa = PBXFileReference; lastKnownFileType = sourcecode.c.h; name = "UAAnalyticsDBManager.h"; path = "com.urbanairship.phonegap.PushNotification/UAAnalyticsDBManager.h"; sourceTree = "<group>"; fileEncoding = 4; };
		8DD5FB61E2CC4FBFB2A6FDEA /* UAAppDelegate.h */ = {isa = PBXFileReference; lastKnownFileType = sourcecode.c.h; name = "UAAppDelegate.h"; path = "com.urbanairship.phonegap.PushNotification/UAAppDelegate.h"; sourceTree = "<group>"; fileEncoding = 4; };
		2FA77FD0B9DC49538216B1A2 /* UAAppDelegateProxy.h */ = {isa = PBXFileReference; lastKnownFileType = sourcecode.c.h; name = "UAAppDelegateProxy.h"; path = "com.urbanairship.phonegap.PushNotification/UAAppDelegateProxy.h"; sourceTree = "<group>"; fileEncoding = 4; };
		BB9868A58BB64B498F8A8825 /* UABaseLocationProvider.h */ = {isa = PBXFileReference; lastKnownFileType = sourcecode.c.h; name = "UABaseLocationProvider.h"; path = "com.urbanairship.phonegap.PushNotification/UABaseLocationProvider.h"; sourceTree = "<group>"; fileEncoding = 4; };
		4C22C02E2B7542D0BFEAF70E /* UAConfig.h */ = {isa = PBXFileReference; lastKnownFileType = sourcecode.c.h; name = "UAConfig.h"; path = "com.urbanairship.phonegap.PushNotification/UAConfig.h"; sourceTree = "<group>"; fileEncoding = 4; };
		7671A87635714305BD3AE7A3 /* UADelayOperation.h */ = {isa = PBXFileReference; lastKnownFileType = sourcecode.c.h; name = "UADelayOperation.h"; path = "com.urbanairship.phonegap.PushNotification/UADelayOperation.h"; sourceTree = "<group>"; fileEncoding = 4; };
		609BF98F3ABA4CF2A07DC283 /* UAEvent.h */ = {isa = PBXFileReference; lastKnownFileType = sourcecode.c.h; name = "UAEvent.h"; path = "com.urbanairship.phonegap.PushNotification/UAEvent.h"; sourceTree = "<group>"; fileEncoding = 4; };
		68D0CA9705344FDF9740D1A5 /* UAGlobal.h */ = {isa = PBXFileReference; lastKnownFileType = sourcecode.c.h; name = "UAGlobal.h"; path = "com.urbanairship.phonegap.PushNotification/UAGlobal.h"; sourceTree = "<group>"; fileEncoding = 4; };
		863D402E80FF4BA9AD4C1009 /* UAHTTPConnection.h */ = {isa = PBXFileReference; lastKnownFileType = sourcecode.c.h; name = "UAHTTPConnection.h"; path = "com.urbanairship.phonegap.PushNotification/UAHTTPConnection.h"; sourceTree = "<group>"; fileEncoding = 4; };
		1307DDD1A9894156A73CC80E /* UAHTTPConnectionOperation.h */ = {isa = PBXFileReference; lastKnownFileType = sourcecode.c.h; name = "UAHTTPConnectionOperation.h"; path = "com.urbanairship.phonegap.PushNotification/UAHTTPConnectionOperation.h"; sourceTree = "<group>"; fileEncoding = 4; };
		D7FF889DFDC74338B1583156 /* UAHTTPRequest.h */ = {isa = PBXFileReference; lastKnownFileType = sourcecode.c.h; name = "UAHTTPRequest.h"; path = "com.urbanairship.phonegap.PushNotification/UAHTTPRequest.h"; sourceTree = "<group>"; fileEncoding = 4; };
		296416B7DD1347DDA2C3068F /* UAHTTPRequestEngine.h */ = {isa = PBXFileReference; lastKnownFileType = sourcecode.c.h; name = "UAHTTPRequestEngine.h"; path = "com.urbanairship.phonegap.PushNotification/UAHTTPRequestEngine.h"; sourceTree = "<group>"; fileEncoding = 4; };
		19B6D5761BCD4CB2A8F9F316 /* UAKeychainUtils.h */ = {isa = PBXFileReference; lastKnownFileType = sourcecode.c.h; name = "UAKeychainUtils.h"; path = "com.urbanairship.phonegap.PushNotification/UAKeychainUtils.h"; sourceTree = "<group>"; fileEncoding = 4; };
		D7621273E04E43759FAB142C /* UALocationCommonValues.h */ = {isa = PBXFileReference; lastKnownFileType = sourcecode.c.h; name = "UALocationCommonValues.h"; path = "com.urbanairship.phonegap.PushNotification/UALocationCommonValues.h"; sourceTree = "<group>"; fileEncoding = 4; };
		BBDAE089EA1447A386CCAB33 /* UALocationEvent.h */ = {isa = PBXFileReference; lastKnownFileType = sourcecode.c.h; name = "UALocationEvent.h"; path = "com.urbanairship.phonegap.PushNotification/UALocationEvent.h"; sourceTree = "<group>"; fileEncoding = 4; };
		76468AC939B2429182E2943E /* UALocationProviderDelegate.h */ = {isa = PBXFileReference; lastKnownFileType = sourcecode.c.h; name = "UALocationProviderDelegate.h"; path = "com.urbanairship.phonegap.PushNotification/UALocationProviderDelegate.h"; sourceTree = "<group>"; fileEncoding = 4; };
		1C8D825C2AAA407BAFB2AC30 /* UALocationProviderProtocol.h */ = {isa = PBXFileReference; lastKnownFileType = sourcecode.c.h; name = "UALocationProviderProtocol.h"; path = "com.urbanairship.phonegap.PushNotification/UALocationProviderProtocol.h"; sourceTree = "<group>"; fileEncoding = 4; };
		788FF73FDECE4CACA2134EF2 /* UALocationService.h */ = {isa = PBXFileReference; lastKnownFileType = sourcecode.c.h; name = "UALocationService.h"; path = "com.urbanairship.phonegap.PushNotification/UALocationService.h"; sourceTree = "<group>"; fileEncoding = 4; };
		59AE863472AC4924A6C32EA8 /* UASQLite.h */ = {isa = PBXFileReference; lastKnownFileType = sourcecode.c.h; name = "UASQLite.h"; path = "com.urbanairship.phonegap.PushNotification/UASQLite.h"; sourceTree = "<group>"; fileEncoding = 4; };
		01D13758DA6A4F1AB1C38BB1 /* UASignificantChangeProvider.h */ = {isa = PBXFileReference; lastKnownFileType = sourcecode.c.h; name = "UASignificantChangeProvider.h"; path = "com.urbanairship.phonegap.PushNotification/UASignificantChangeProvider.h"; sourceTree = "<group>"; fileEncoding = 4; };
		4C42F2BF0FCD44F693C4B0C0 /* UAStandardLocationProvider.h */ = {isa = PBXFileReference; lastKnownFileType = sourcecode.c.h; name = "UAStandardLocationProvider.h"; path = "com.urbanairship.phonegap.PushNotification/UAStandardLocationProvider.h"; sourceTree = "<group>"; fileEncoding = 4; };
		D4DE34053489453399C64D59 /* UATagUtils.h */ = {isa = PBXFileReference; lastKnownFileType = sourcecode.c.h; name = "UATagUtils.h"; path = "com.urbanairship.phonegap.PushNotification/UATagUtils.h"; sourceTree = "<group>"; fileEncoding = 4; };
		7189E58EC0BE4506873B5B54 /* UAUser.h */ = {isa = PBXFileReference; lastKnownFileType = sourcecode.c.h; name = "UAUser.h"; path = "com.urbanairship.phonegap.PushNotification/UAUser.h"; sourceTree = "<group>"; fileEncoding = 4; };
		474447022D2B47D5930F97CF /* UAUserAPIClient.h */ = {isa = PBXFileReference; lastKnownFileType = sourcecode.c.h; name = "UAUserAPIClient.h"; path = "com.urbanairship.phonegap.PushNotification/UAUserAPIClient.h"; sourceTree = "<group>"; fileEncoding = 4; };
		F16C8675F19345A3A41A4FA6 /* UAUserData.h */ = {isa = PBXFileReference; lastKnownFileType = sourcecode.c.h; name = "UAUserData.h"; path = "com.urbanairship.phonegap.PushNotification/UAUserData.h"; sourceTree = "<group>"; fileEncoding = 4; };
		670326EA4BF2439AB9E9240D /* UAUtils.h */ = {isa = PBXFileReference; lastKnownFileType = sourcecode.c.h; name = "UAUtils.h"; path = "com.urbanairship.phonegap.PushNotification/UAUtils.h"; sourceTree = "<group>"; fileEncoding = 4; };
		C048AAD790CC4D488048336D /* UAirship.h */ = {isa = PBXFileReference; lastKnownFileType = sourcecode.c.h; name = "UAirship.h"; path = "com.urbanairship.phonegap.PushNotification/UAirship.h"; sourceTree = "<group>"; fileEncoding = 4; };
		401F489219764D9C9CCCB8EB /* UAObservable.h */ = {isa = PBXFileReference; lastKnownFileType = sourcecode.c.h; name = "UAObservable.h"; path = "com.urbanairship.phonegap.PushNotification/UAObservable.h"; sourceTree = "<group>"; fileEncoding = 4; };
		F16D7E901F6042EE989D7DA6 /* NSJSONSerialization+UAAdditions.h */ = {isa = PBXFileReference; lastKnownFileType = sourcecode.c.h; name = "NSJSONSerialization+UAAdditions.h"; path = "com.urbanairship.phonegap.PushNotification/NSJSONSerialization+UAAdditions.h"; sourceTree = "<group>"; fileEncoding = 4; };
		59F42E1EF2194E758F20B8EC /* UAURLProtocol.h */ = {isa = PBXFileReference; lastKnownFileType = sourcecode.c.h; name = "UAURLProtocol.h"; path = "com.urbanairship.phonegap.PushNotification/UAURLProtocol.h"; sourceTree = "<group>"; fileEncoding = 4; };
		7FFBC0396FC4408797544809 /* NSString+URLEncoding.h */ = {isa = PBXFileReference; lastKnownFileType = sourcecode.c.h; name = "NSString+URLEncoding.h"; path = "com.urbanairship.phonegap.PushNotification/NSString+URLEncoding.h"; sourceTree = "<group>"; fileEncoding = 4; };
		56D177216BAA4019AF7AF8C3 /* UAAction+Operators.h */ = {isa = PBXFileReference; lastKnownFileType = sourcecode.c.h; name = "UAAction+Operators.h"; path = "com.urbanairship.phonegap.PushNotification/UAAction+Operators.h"; sourceTree = "<group>"; fileEncoding = 4; };
		9306CFB4D6FE4CB6B3FA13FF /* UAAction.h */ = {isa = PBXFileReference; lastKnownFileType = sourcecode.c.h; name = "UAAction.h"; path = "com.urbanairship.phonegap.PushNotification/UAAction.h"; sourceTree = "<group>"; fileEncoding = 4; };
		817DF1D6754749269FB56D08 /* UAActionArguments.h */ = {isa = PBXFileReference; lastKnownFileType = sourcecode.c.h; name = "UAActionArguments.h"; path = "com.urbanairship.phonegap.PushNotification/UAActionArguments.h"; sourceTree = "<group>"; fileEncoding = 4; };
		72BCC62365AE466EA243E472 /* UAActionJSDelegate.h */ = {isa = PBXFileReference; lastKnownFileType = sourcecode.c.h; name = "UAActionJSDelegate.h"; path = "com.urbanairship.phonegap.PushNotification/UAActionJSDelegate.h"; sourceTree = "<group>"; fileEncoding = 4; };
		2563298838694A648B89B663 /* UAActionRegistry.h */ = {isa = PBXFileReference; lastKnownFileType = sourcecode.c.h; name = "UAActionRegistry.h"; path = "com.urbanairship.phonegap.PushNotification/UAActionRegistry.h"; sourceTree = "<group>"; fileEncoding = 4; };
		1D6AD5BDE1D74971B9B965D1 /* UAActionRegistryEntry.h */ = {isa = PBXFileReference; lastKnownFileType = sourcecode.c.h; name = "UAActionRegistryEntry.h"; path = "com.urbanairship.phonegap.PushNotification/UAActionRegistryEntry.h"; sourceTree = "<group>"; fileEncoding = 4; };
		64AB389370C947A79935C97C /* UAActionResult.h */ = {isa = PBXFileReference; lastKnownFileType = sourcecode.c.h; name = "UAActionResult.h"; path = "com.urbanairship.phonegap.PushNotification/UAActionResult.h"; sourceTree = "<group>"; fileEncoding = 4; };
		25E624D555FC4F269CE3398E /* UAActionRunner.h */ = {isa = PBXFileReference; lastKnownFileType = sourcecode.c.h; name = "UAActionRunner.h"; path = "com.urbanairship.phonegap.PushNotification/UAActionRunner.h"; sourceTree = "<group>"; fileEncoding = 4; };
		76FF4C6C797B426F87ABDBCC /* UAAddTagsAction.h */ = {isa = PBXFileReference; lastKnownFileType = sourcecode.c.h; name = "UAAddTagsAction.h"; path = "com.urbanairship.phonegap.PushNotification/UAAddTagsAction.h"; sourceTree = "<group>"; fileEncoding = 4; };
		2C880874FC7B43EFB19B7D7C /* UAAggregateActionResult.h */ = {isa = PBXFileReference; lastKnownFileType = sourcecode.c.h; name = "UAAggregateActionResult.h"; path = "com.urbanairship.phonegap.PushNotification/UAAggregateActionResult.h"; sourceTree = "<group>"; fileEncoding = 4; };
		42A69054CA9E46839E4FCA34 /* UAApplicationMetrics.h */ = {isa = PBXFileReference; lastKnownFileType = sourcecode.c.h; name = "UAApplicationMetrics.h"; path = "com.urbanairship.phonegap.PushNotification/UAApplicationMetrics.h"; sourceTree = "<group>"; fileEncoding = 4; };
		851CB2C52905400BB64D2A07 /* UABespokeCloseView.h */ = {isa = PBXFileReference; lastKnownFileType = sourcecode.c.h; name = "UABespokeCloseView.h"; path = "com.urbanairship.phonegap.PushNotification/UABespokeCloseView.h"; sourceTree = "<group>"; fileEncoding = 4; };
		030806A566D04B6E9626CFA5 /* UABeveledLoadingIndicator.h */ = {isa = PBXFileReference; lastKnownFileType = sourcecode.c.h; name = "UABeveledLoadingIndicator.h"; path = "com.urbanairship.phonegap.PushNotification/UABeveledLoadingIndicator.h"; sourceTree = "<group>"; fileEncoding = 4; };
		9D2B22618FC24B76A09B4568 /* UACloseWindowAction.h */ = {isa = PBXFileReference; lastKnownFileType = sourcecode.c.h; name = "UACloseWindowAction.h"; path = "com.urbanairship.phonegap.PushNotification/UACloseWindowAction.h"; sourceTree = "<group>"; fileEncoding = 4; };
		F68E7367D05E437AB605E178 /* UAIncomingPushAction.h */ = {isa = PBXFileReference; lastKnownFileType = sourcecode.c.h; name = "UAIncomingPushAction.h"; path = "com.urbanairship.phonegap.PushNotification/UAIncomingPushAction.h"; sourceTree = "<group>"; fileEncoding = 4; };
		3DE43F0E1DCF4A84B5F1E03D /* UAIncomingRichPushAction.h */ = {isa = PBXFileReference; lastKnownFileType = sourcecode.c.h; name = "UAIncomingRichPushAction.h"; path = "com.urbanairship.phonegap.PushNotification/UAIncomingRichPushAction.h"; sourceTree = "<group>"; fileEncoding = 4; };
		E408D245E67B42BCBC7F54E8 /* UAJavaScriptDelegate.h */ = {isa = PBXFileReference; lastKnownFileType = sourcecode.c.h; name = "UAJavaScriptDelegate.h"; path = "com.urbanairship.phonegap.PushNotification/UAJavaScriptDelegate.h"; sourceTree = "<group>"; fileEncoding = 4; };
		3C5DBF4C9A6647C9BA0579ED /* UALandingPageOverlayController.h */ = {isa = PBXFileReference; lastKnownFileType = sourcecode.c.h; name = "UALandingPageOverlayController.h"; path = "com.urbanairship.phonegap.PushNotification/UALandingPageOverlayController.h"; sourceTree = "<group>"; fileEncoding = 4; };
		6351F096552848B990F0623B /* UAModifyTagsAction.h */ = {isa = PBXFileReference; lastKnownFileType = sourcecode.c.h; name = "UAModifyTagsAction.h"; path = "com.urbanairship.phonegap.PushNotification/UAModifyTagsAction.h"; sourceTree = "<group>"; fileEncoding = 4; };
		1DEA9907B7E642D1889A9CFF /* UAOpenExternalURLAction.h */ = {isa = PBXFileReference; lastKnownFileType = sourcecode.c.h; name = "UAOpenExternalURLAction.h"; path = "com.urbanairship.phonegap.PushNotification/UAOpenExternalURLAction.h"; sourceTree = "<group>"; fileEncoding = 4; };
		81B3D880F3AF491C9807EC38 /* UAPushActionArguments.h */ = {isa = PBXFileReference; lastKnownFileType = sourcecode.c.h; name = "UAPushActionArguments.h"; path = "com.urbanairship.phonegap.PushNotification/UAPushActionArguments.h"; sourceTree = "<group>"; fileEncoding = 4; };
		111EA70D01694A428F649392 /* UARemoveTagsAction.h */ = {isa = PBXFileReference; lastKnownFileType = sourcecode.c.h; name = "UARemoveTagsAction.h"; path = "com.urbanairship.phonegap.PushNotification/UARemoveTagsAction.h"; sourceTree = "<group>"; fileEncoding = 4; };
		DE25B00301B641C1AA95C0C1 /* UARichContentWindow.h */ = {isa = PBXFileReference; lastKnownFileType = sourcecode.c.h; name = "UARichContentWindow.h"; path = "com.urbanairship.phonegap.PushNotification/UARichContentWindow.h"; sourceTree = "<group>"; fileEncoding = 4; };
		2C5210F810F54B0AB9B78015 /* UASyncAction.h */ = {isa = PBXFileReference; lastKnownFileType = sourcecode.c.h; name = "UASyncAction.h"; path = "com.urbanairship.phonegap.PushNotification/UASyncAction.h"; sourceTree = "<group>"; fileEncoding = 4; };
		683D3BB8EAD1494D94B321E9 /* UAWebInvocationActionArguments.h */ = {isa = PBXFileReference; lastKnownFileType = sourcecode.c.h; name = "UAWebInvocationActionArguments.h"; path = "com.urbanairship.phonegap.PushNotification/UAWebInvocationActionArguments.h"; sourceTree = "<group>"; fileEncoding = 4; };
		A02C4A104AC54C87AAB9EF19 /* UAWebViewCallData.h */ = {isa = PBXFileReference; lastKnownFileType = sourcecode.c.h; name = "UAWebViewCallData.h"; path = "com.urbanairship.phonegap.PushNotification/UAWebViewCallData.h"; sourceTree = "<group>"; fileEncoding = 4; };
		408FC939075A4430AB8E9DCA /* UAWebViewTools.h */ = {isa = PBXFileReference; lastKnownFileType = sourcecode.c.h; name = "UAWebViewTools.h"; path = "com.urbanairship.phonegap.PushNotification/UAWebViewTools.h"; sourceTree = "<group>"; fileEncoding = 4; };
		16C387ABE1B54A049395937D /* UIWebView+UAAdditions.h */ = {isa = PBXFileReference; lastKnownFileType = sourcecode.c.h; name = "UIWebView+UAAdditions.h"; path = "com.urbanairship.phonegap.PushNotification/UIWebView+UAAdditions.h"; sourceTree = "<group>"; fileEncoding = 4; };
		F11AFC41222546398171C7F2 /* UANativeBridge.h */ = {isa = PBXFileReference; lastKnownFileType = sourcecode.c.h; name = "UANativeBridge.h"; path = "com.urbanairship.phonegap.PushNotification/UANativeBridge.h"; sourceTree = "<group>"; fileEncoding = 4; };
		C8E01325355242C7A5894B56 /* UALandingPageAction.h */ = {isa = PBXFileReference; lastKnownFileType = sourcecode.c.h; name = "UALandingPageAction.h"; path = "com.urbanairship.phonegap.PushNotification/UALandingPageAction.h"; sourceTree = "<group>"; fileEncoding = 4; };
		96A70C92B50F4257B573F093 /* UADeviceAPIClient.h */ = {isa = PBXFileReference; lastKnownFileType = sourcecode.c.h; name = "UADeviceAPIClient.h"; path = "com.urbanairship.phonegap.PushNotification/UADeviceAPIClient.h"; sourceTree = "<group>"; fileEncoding = 4; };
		268E4DFE583748159E9CDFF0 /* UADeviceRegistrationPayload.h */ = {isa = PBXFileReference; lastKnownFileType = sourcecode.c.h; name = "UADeviceRegistrationPayload.h"; path = "com.urbanairship.phonegap.PushNotification/UADeviceRegistrationPayload.h"; sourceTree = "<group>"; fileEncoding = 4; };
		63BBBD98A4D2497BA8504D5F /* UAPush.h */ = {isa = PBXFileReference; lastKnownFileType = sourcecode.c.h; name = "UAPush.h"; path = "com.urbanairship.phonegap.PushNotification/UAPush.h"; sourceTree = "<group>"; fileEncoding = 4; };
		CAA8E74FAA894B24AFFC06E7 /* UAChannelAPIClient.h */ = {isa = PBXFileReference; lastKnownFileType = sourcecode.c.h; name = "UAChannelAPIClient.h"; path = "com.urbanairship.phonegap.PushNotification/UAChannelAPIClient.h"; sourceTree = "<group>"; fileEncoding = 4; };
		66564A5E3CAD41F688404F76 /* UAChannelRegistrationPayload.h */ = {isa = PBXFileReference; lastKnownFileType = sourcecode.c.h; name = "UAChannelRegistrationPayload.h"; path = "com.urbanairship.phonegap.PushNotification/UAChannelRegistrationPayload.h"; sourceTree = "<group>"; fileEncoding = 4; };
		B24B128D9F7A441AA2DA21A3 /* UADeviceRegistrar.h */ = {isa = PBXFileReference; lastKnownFileType = sourcecode.c.h; name = "UADeviceRegistrar.h"; path = "com.urbanairship.phonegap.PushNotification/UADeviceRegistrar.h"; sourceTree = "<group>"; fileEncoding = 4; };
		51540E4535C34F8FA9E20EBF /* UA_Base64.h */ = {isa = PBXFileReference; lastKnownFileType = sourcecode.c.h; name = "UA_Base64.h"; path = "com.urbanairship.phonegap.PushNotification/UA_Base64.h"; sourceTree = "<group>"; fileEncoding = 4; };
		CA303B454962479A9AB57F90 /* UA_Reachability.h */ = {isa = PBXFileReference; lastKnownFileType = sourcecode.c.h; name = "UA_Reachability.h"; path = "com.urbanairship.phonegap.PushNotification/UA_Reachability.h"; sourceTree = "<group>"; fileEncoding = 4; };
		886E4390DE5C46208EF24D7A /* libz.dylib */ = {isa = PBXFileReference; lastKnownFileType = "compiled.mach-o.dylib"; name = "libz.dylib"; path = "usr/lib/libz.dylib"; sourceTree = SDKROOT; fileEncoding = 4; };
		28257CBFDEEC400EAC04BE60 /* CFNetwork.framework */ = {isa = PBXFileReference; lastKnownFileType = wrapper.framework; name = "CFNetwork.framework"; path = "System/Library/Frameworks/CFNetwork.framework"; sourceTree = SDKROOT; fileEncoding = 4; };
		2065F70B1A9844F091455029 /* Foundation.framework */ = {isa = PBXFileReference; lastKnownFileType = wrapper.framework; name = "Foundation.framework"; path = "System/Library/Frameworks/Foundation.framework"; sourceTree = SDKROOT; fileEncoding = 4; };
		4928D3F44DD3489884C675FD /* Security.framework */ = {isa = PBXFileReference; lastKnownFileType = wrapper.framework; name = "Security.framework"; path = "System/Library/Frameworks/Security.framework"; sourceTree = SDKROOT; fileEncoding = 4; };
		877EFC8001204D759B9721E3 /* UIKit.framework */ = {isa = PBXFileReference; lastKnownFileType = wrapper.framework; name = "UIKit.framework"; path = "System/Library/Frameworks/UIKit.framework"; sourceTree = SDKROOT; fileEncoding = 4; };
		649E17CB5938449F9B8CF671 /* CoreTelephony.framework */ = {isa = PBXFileReference; lastKnownFileType = wrapper.framework; name = "CoreTelephony.framework"; path = "System/Library/Frameworks/CoreTelephony.framework"; sourceTree = SDKROOT; fileEncoding = 4; };
/* End PBXFileReference section */

/* Begin PBXFrameworksBuildPhase section */
		1D60588F0D05DD3D006BFB54 /* Frameworks */ = {
			isa = PBXFrameworksBuildPhase;
			buildActionMask = 2147483647;
			files = (
				BFBF2B1C19899DEB0078D8FA /* OpenAL.framework in Frameworks */,
				BFBF2B1A19899DE20078D8FA /* ImageIO.framework in Frameworks */,
				BF0673EE1950FBAF0026C411 /* AddressBookUI.framework in Frameworks */,
				BF0673ED1950FB880026C411 /* AddressBook.framework in Frameworks */,
				BF0673D41950F2890026C411 /* SystemConfiguration.framework in Frameworks */,
				BF0673D31950F27E0026C411 /* CoreMotion.framework in Frameworks */,
				5B1594DD16A7569C00FEF299 /* AssetsLibrary.framework in Frameworks */,
				301BF552109A68D80062928A /* libCordova.a in Frameworks */,
				288765FD0DF74451002DB57D /* CoreGraphics.framework in Frameworks */,
				305D5FD1115AB8F900A74A75 /* MobileCoreServices.framework in Frameworks */,
				5AEE5B35173C68D80009041E /* CoreLocation.framework in Frameworks */,
				014E234FC03E4150B5681EC9 /* AudioToolbox.framework in Frameworks */,
				7289A1E5F5694EB68C561DA4 /* AdobeMobileLibrary.a in Frameworks */,
				81524D7251EF4907BA0D0443 /* libsqlite3.dylib in Frameworks */,
				0F30E2326A014775A44ABD5F /* Appsee in Resources */,
				8894548B0A4448D3A9F5BE18 /* AVFoundation.framework in Frameworks */,
				4929122BC12D48C6A746AE55 /* CoreMedia.framework in Frameworks */,
				76E2C198CDF14E95A95B094E /* CoreVideo.framework in Frameworks */,
				4D5D19CF0BD944E0B02506CE /* QuartzCore.framework in Frameworks */,
				1E34767004A64231AB30A8F3 /* libUAirship-4.0.0.a in Frameworks */,
				6C1A991D57714AFEBD0C1BF3 /* libz.dylib in Frameworks */,
				F4DEB582D89F46F8BE42642F /* CFNetwork.framework in Frameworks */,
				1E2202BA75CA43A29EC7D6CA /* Foundation.framework in Frameworks */,
				2713577D4F95464696D9D7BE /* Security.framework in Frameworks */,
				EEEE23D14AFF422ABE4F5F38 /* UIKit.framework in Frameworks */,
				718757102D054C95BD6F532E /* CoreTelephony.framework in Frameworks */,
			);
			runOnlyForDeploymentPostprocessing = 0;
		};
/* End PBXFrameworksBuildPhase section */

/* Begin PBXGroup section */
		080E96DDFE201D6D7F000001 /* Classes */ = {
			isa = PBXGroup;
			children = (
				302D95EE14D2391D003F00A1 /* MainViewController.h */,
				302D95EF14D2391D003F00A1 /* MainViewController.m */,
				302D95F014D2391D003F00A1 /* MainViewController.xib */,
				1D3623240D0F684500981E51 /* AppDelegate.h */,
				1D3623250D0F684500981E51 /* AppDelegate.m */,
			);
			name = Classes;
			path = PhoneGap/Classes;
			sourceTree = SOURCE_ROOT;
		};
		19C28FACFE9D520D11CA2CBB /* Products */ = {
			isa = PBXGroup;
			children = (
				1D6058910D05DD3D006BFB54 /* PhoneGap.app */,
			);
			name = Products;
			sourceTree = "<group>";
		};
		1F766FDB13BBADB100FB74C0 /* en.lproj */ = {
			isa = PBXGroup;
			children = (
				1F766FDC13BBADB100FB74C0 /* Localizable.strings */,
			);
			path = en.lproj;
			sourceTree = "<group>";
		};
		1F766FDE13BBADB100FB74C0 /* es.lproj */ = {
			isa = PBXGroup;
			children = (
				1F766FDF13BBADB100FB74C0 /* Localizable.strings */,
			);
			path = es.lproj;
			sourceTree = "<group>";
		};
		29B97314FDCFA39411CA2CEA /* CustomTemplate */ = {
			isa = PBXGroup;
			children = (
				F840E1F0165FE0F500CFE078 /* config.xml */,
				301BF56E109A69640062928A /* www */,
				301BF52D109A57CC0062928A /* CordovaLib.xcodeproj */,
				080E96DDFE201D6D7F000001 /* Classes */,
				307C750510C5A3420062BCA9 /* Plugins */,
				29B97315FDCFA39411CA2CEA /* Other Sources */,
				29B97317FDCFA39411CA2CEA /* Resources */,
				29B97323FDCFA39411CA2CEA /* Frameworks */,
				19C28FACFE9D520D11CA2CBB /* Products */,
			);
			name = CustomTemplate;
			sourceTree = "<group>";
		};
		29B97315FDCFA39411CA2CEA /* Other Sources */ = {
			isa = PBXGroup;
			children = (
				32CA4F630368D1EE00C91783 /* PhoneGap-Prefix.pch */,
				29B97316FDCFA39411CA2CEA /* main.m */,
			);
			name = "Other Sources";
			path = PhoneGap;
			sourceTree = "<group>";
		};
		29B97317FDCFA39411CA2CEA /* Resources */ = {
			isa = PBXGroup;
			children = (
				30A0434214DC770100060A13 /* de.lproj */,
				30A0434514DC770100060A13 /* se.lproj */,
				1F766FDB13BBADB100FB74C0 /* en.lproj */,
				1F766FDE13BBADB100FB74C0 /* es.lproj */,
				308D052D1370CCF300D202BF /* icons */,
				308D05311370CCF300D202BF /* splash */,
				8D1107310486CEB800E47090 /* PhoneGap-Info.plist */,
				F14790EEB5E04004AA77C076 /* CDVCapture.bundle */,
				41F4B378F1CA4FD9A1F0AAC7 /* CDVNotification.bundle */,
				6886DB88E64044A0AE9BD8F2 /* CDVCapture.bundle */,
				78557F70FE3B47E682C9C5FC /* CDVNotification.bundle */,
				97F074BCD4994D7D862BD02D /* CDVCapture.bundle */,
				48DD4A4AEB7E40DBBA880A6C /* ADBMobileConfig.json */,
				A135CB4C26D148D1B8AC313E /* ELCAlbumPickerController.xib */,
				FF4EC50A07F644D0B462D803 /* ELCAssetPicker.xib */,
				219A79C131C9402AB414AF9F /* ELCAssetTablePicker.xib */,
				EBAA5DA173B8472F922D5F03 /* Overlay.png */,
				F189FC9EA87D478A9B8AEF18 /* Overlay@2x.png */,
			);
			name = Resources;
			path = PhoneGap/Resources;
			sourceTree = "<group>";
		};
		29B97323FDCFA39411CA2CEA /* Frameworks */ = {
			isa = PBXGroup;
			children = (
				BFBF2B1B19899DEB0078D8FA /* OpenAL.framework */,
				5AEE5B34173C68D80009041E /* CoreLocation.framework */,
				5B1594DC16A7569C00FEF299 /* AssetsLibrary.framework */,
				288765FC0DF74451002DB57D /* CoreGraphics.framework */,
				305D5FD0115AB8F900A74A75 /* MobileCoreServices.framework */,
				A3411C91DEDE44008453EF7B /* CoreMotion.framework */,
				ACD132BA2B764B47BEE06ACB /* ImageIO.framework */,
				CF2A1D064F024E8D88A35F0D /* SystemConfiguration.framework */,
				4D993850595C45E6BB359987 /* AddressBook.framework */,
				D93BA6E3C88F4433942E5AC8 /* AddressBookUI.framework */,
				F9F4B3CB13C64DDFB93917E0 /* AudioToolbox.framework */,
				723814EEF00F4BCCA442CA3D /* AdobeMobileLibrary.a */,
				8129D0B1E7144F0B82BA362D /* libsqlite3.dylib */,
				7239EBD3D9144840B56E22C2 /* Appsee */,
				82B5BE427D0944BFB0F60E5F /* AVFoundation.framework */,
				AF7338EE7EF14D3A8234906E /* CoreMedia.framework */,
				FFB5C31AE6DF4713984F901C /* CoreVideo.framework */,
				BB435DC9A5584AD2937D9E48 /* QuartzCore.framework */,
				375E60D70CC145D09D42032B /* libUAirship-4.0.0.a */,
				886E4390DE5C46208EF24D7A /* libz.dylib */,
				28257CBFDEEC400EAC04BE60 /* CFNetwork.framework */,
				2065F70B1A9844F091455029 /* Foundation.framework */,
				4928D3F44DD3489884C675FD /* Security.framework */,
				877EFC8001204D759B9721E3 /* UIKit.framework */,
				649E17CB5938449F9B8CF671 /* CoreTelephony.framework */,
			);
			name = Frameworks;
			sourceTree = "<group>";
		};
		301BF52E109A57CC0062928A /* Products */ = {
			isa = PBXGroup;
			children = (
				301BF535109A57CC0062928A /* libCordova.a */,
			);
			name = Products;
			sourceTree = "<group>";
		};
		307C750510C5A3420062BCA9 /* Plugins */ = {
			isa = PBXGroup;
			children = (
				BFBF2B1319899DD40078D8FA /* CDVCamera.h */,
				BFBF2B1419899DD40078D8FA /* CDVCamera.m */,
				BFBF2B1519899DD40078D8FA /* CDVExif.h */,
				BFBF2B1619899DD40078D8FA /* CDVJpegHeaderWriter.h */,
				BFBF2B1719899DD40078D8FA /* CDVJpegHeaderWriter.m */,
				BFBF8F7F194A5475006BD792 /* CDVAccelerometer.h */,
				BFBF8F80194A5475006BD792 /* CDVAccelerometer.m */,
				BFBF8F73194A543E006BD792 /* CDVAssetLibraryFilesystem.h */,
				BFBF8F74194A543E006BD792 /* CDVAssetLibraryFilesystem.m */,
				C12680111BFA4417845AE8B9 /* CDVBattery.h */,
				4590EFF0F01D4E4D922AE3BA /* CDVBattery.m */,
				F72137C8735340378EFFDAE3 /* CDVCapture.h */,
				6056D4F18A6349DFB4CF6264 /* CDVCapture.m */,
				3D58D6226B7E4D2EBB8807E6 /* CDVCompass.h */,
				CB1EB6EA41D940A49389E5C6 /* CDVCompass.m */,
				BFBF8F82194A54A2006BD792 /* CDVConnection.h */,
				BFBF8F83194A54A2006BD792 /* CDVConnection.m */,
				BF0673DB1950FA720026C411 /* CDVContact.h */,
				BF0673DC1950FA720026C411 /* CDVContact.m */,
				BF0673DD1950FA720026C411 /* CDVContacts.h */,
				BF0673DE1950FA720026C411 /* CDVContacts.m */,
				BF0673D51950F2E50026C411 /* CDVDevice.h */,
				BF0673D61950F2E50026C411 /* CDVDevice.m */,
				BFBF8F75194A543E006BD792 /* CDVFile.h */,
				BFBF8F76194A543E006BD792 /* CDVFile.m */,
				BFBF8F7C194A5446006BD792 /* CDVFileTransfer.h */,
				BFBF8F7D194A5446006BD792 /* CDVFileTransfer.m */,
				BF0673E41950FA9E0026C411 /* CDVGlobalization.h */,
				BF0673E51950FA9E0026C411 /* CDVGlobalization.m */,
				BF0673F3195102830026C411 /* CDVInAppBrowser.h */,
				BF0673F4195102830026C411 /* CDVInAppBrowser.m */,
				BFBF8F77194A543E006BD792 /* CDVLocalFilesystem.h */,
				BFBF8F78194A543E006BD792 /* CDVLocalFilesystem.m */,
				BF0673E11950FA950026C411 /* CDVLocation.h */,
				BF0673E21950FA950026C411 /* CDVLocation.m */,
				DD9F697B034B4A49B4E190C2 /* CDVLogger.h */,
				75D2469EBC914046B9E979B7 /* CDVLogger.m */,
				BF0673F6195102A20026C411 /* CDVNotification.h */,
				BF0673F7195102A20026C411 /* CDVNotification.m */,
				BFBF8F84194A54A2006BD792 /* CDVReachability.h */,
				BFBF8F85194A54A2006BD792 /* CDVReachability.m */,
				BF0673E71950FAB80026C411 /* CDVSound.h */,
				BF0673E81950FAB80026C411 /* CDVSound.m */,
				BF0673D81950F30B0026C411 /* CDVSplashScreen.h */,
				BF0673D91950F30B0026C411 /* CDVSplashScreen.m */,
				A60A56F8365B47E2853EADEB /* CDVStatusBar.h */,
				0268920529F24F7BA1B30B4F /* CDVStatusBar.m */,
				BF0673F0195102700026C411 /* CDVVibration.h */,
				BF0673F1195102700026C411 /* CDVVibration.m */,
				3256CDAD831E42B1915A840C /* Insomnia.h */,
				7D0241DCE35346FC8F962645 /* Insomnia.m */,
				22858487499C477F97BEBD5B /* ADBMobile_PhoneGap.m */,
				9722C0F717874ACF8BA756C7 /* ADBMobile_PhoneGap.h */,
				BAE56E10E490456BB8CFA4EC /* ADBMobile.h */,
				C98AACCBD1BC462E95287631 /* CDVAppsee.m */,
				34526AA320A547ABB5FE1D46 /* CDVAppsee.h */,
				FE7902207AB646FBB6DB5862 /* Appsee.h */,
				DC4919134CC44A9CACE2B8FD /* SOSPicker.m */,
				3DB8004032C34B12B8DDC2F4 /* ELCAlbumPickerController.m */,
				BE8FFD0ECC13452788D77324 /* ELCAsset.m */,
				8A0D604106E14792891CC953 /* ELCAssetCell.m */,
				E09C8363E8EA439E9EE8839B /* ELCAssetTablePicker.m */,
				E701EBD3ED554F0B940DB67A /* ELCImagePickerController.m */,
				4446E99B2C094128A5B65C13 /* SOSPicker.h */,
				3614696DE46A48BC99F80433 /* ELCAlbumPickerController.h */,
				9D7131FE9C2747D594F7FE3E /* ELCAsset.h */,
				FA81DF9694C1403E94F3A49B /* ELCAssetCell.h */,
				C168A5C8AA014B9EB252C0C4 /* ELCAssetPickerFilterDelegate.h */,
				CC756B1AB93D4EC7B51A453B /* ELCAssetSelectionDelegate.h */,
				922EFBC554224CF9BC2681F7 /* ELCAssetTablePicker.h */,
				7091365FA1504148BE15E8C0 /* ELCImagePickerController.h */,
				29B15834E1AC4337A2C4EA53 /* PushNotificationPlugin.m */,
				ECC1D7CF911B48D6B0DE3AD6 /* PushNotificationPlugin.h */,
				CF2380B92F444A7BAD1F6346 /* UAAnalytics.h */,
				3377F06C83C549F68096AF31 /* UAAnalyticsDBManager.h */,
				8DD5FB61E2CC4FBFB2A6FDEA /* UAAppDelegate.h */,
				2FA77FD0B9DC49538216B1A2 /* UAAppDelegateProxy.h */,
				BB9868A58BB64B498F8A8825 /* UABaseLocationProvider.h */,
				4C22C02E2B7542D0BFEAF70E /* UAConfig.h */,
				7671A87635714305BD3AE7A3 /* UADelayOperation.h */,
				609BF98F3ABA4CF2A07DC283 /* UAEvent.h */,
				68D0CA9705344FDF9740D1A5 /* UAGlobal.h */,
				863D402E80FF4BA9AD4C1009 /* UAHTTPConnection.h */,
				1307DDD1A9894156A73CC80E /* UAHTTPConnectionOperation.h */,
				D7FF889DFDC74338B1583156 /* UAHTTPRequest.h */,
				296416B7DD1347DDA2C3068F /* UAHTTPRequestEngine.h */,
				19B6D5761BCD4CB2A8F9F316 /* UAKeychainUtils.h */,
				D7621273E04E43759FAB142C /* UALocationCommonValues.h */,
				BBDAE089EA1447A386CCAB33 /* UALocationEvent.h */,
				76468AC939B2429182E2943E /* UALocationProviderDelegate.h */,
				1C8D825C2AAA407BAFB2AC30 /* UALocationProviderProtocol.h */,
				788FF73FDECE4CACA2134EF2 /* UALocationService.h */,
				59AE863472AC4924A6C32EA8 /* UASQLite.h */,
				01D13758DA6A4F1AB1C38BB1 /* UASignificantChangeProvider.h */,
				4C42F2BF0FCD44F693C4B0C0 /* UAStandardLocationProvider.h */,
				D4DE34053489453399C64D59 /* UATagUtils.h */,
				7189E58EC0BE4506873B5B54 /* UAUser.h */,
				474447022D2B47D5930F97CF /* UAUserAPIClient.h */,
				F16C8675F19345A3A41A4FA6 /* UAUserData.h */,
				670326EA4BF2439AB9E9240D /* UAUtils.h */,
				C048AAD790CC4D488048336D /* UAirship.h */,
				401F489219764D9C9CCCB8EB /* UAObservable.h */,
				F16D7E901F6042EE989D7DA6 /* NSJSONSerialization+UAAdditions.h */,
				59F42E1EF2194E758F20B8EC /* UAURLProtocol.h */,
				7FFBC0396FC4408797544809 /* NSString+URLEncoding.h */,
				56D177216BAA4019AF7AF8C3 /* UAAction+Operators.h */,
				9306CFB4D6FE4CB6B3FA13FF /* UAAction.h */,
				817DF1D6754749269FB56D08 /* UAActionArguments.h */,
				72BCC62365AE466EA243E472 /* UAActionJSDelegate.h */,
				2563298838694A648B89B663 /* UAActionRegistry.h */,
				1D6AD5BDE1D74971B9B965D1 /* UAActionRegistryEntry.h */,
				64AB389370C947A79935C97C /* UAActionResult.h */,
				25E624D555FC4F269CE3398E /* UAActionRunner.h */,
				76FF4C6C797B426F87ABDBCC /* UAAddTagsAction.h */,
				2C880874FC7B43EFB19B7D7C /* UAAggregateActionResult.h */,
				42A69054CA9E46839E4FCA34 /* UAApplicationMetrics.h */,
				851CB2C52905400BB64D2A07 /* UABespokeCloseView.h */,
				030806A566D04B6E9626CFA5 /* UABeveledLoadingIndicator.h */,
				9D2B22618FC24B76A09B4568 /* UACloseWindowAction.h */,
				F68E7367D05E437AB605E178 /* UAIncomingPushAction.h */,
				3DE43F0E1DCF4A84B5F1E03D /* UAIncomingRichPushAction.h */,
				E408D245E67B42BCBC7F54E8 /* UAJavaScriptDelegate.h */,
				3C5DBF4C9A6647C9BA0579ED /* UALandingPageOverlayController.h */,
				6351F096552848B990F0623B /* UAModifyTagsAction.h */,
				1DEA9907B7E642D1889A9CFF /* UAOpenExternalURLAction.h */,
				81B3D880F3AF491C9807EC38 /* UAPushActionArguments.h */,
				111EA70D01694A428F649392 /* UARemoveTagsAction.h */,
				DE25B00301B641C1AA95C0C1 /* UARichContentWindow.h */,
				2C5210F810F54B0AB9B78015 /* UASyncAction.h */,
				683D3BB8EAD1494D94B321E9 /* UAWebInvocationActionArguments.h */,
				A02C4A104AC54C87AAB9EF19 /* UAWebViewCallData.h */,
				408FC939075A4430AB8E9DCA /* UAWebViewTools.h */,
				16C387ABE1B54A049395937D /* UIWebView+UAAdditions.h */,
				F11AFC41222546398171C7F2 /* UANativeBridge.h */,
				C8E01325355242C7A5894B56 /* UALandingPageAction.h */,
				96A70C92B50F4257B573F093 /* UADeviceAPIClient.h */,
				268E4DFE583748159E9CDFF0 /* UADeviceRegistrationPayload.h */,
				63BBBD98A4D2497BA8504D5F /* UAPush.h */,
				CAA8E74FAA894B24AFFC06E7 /* UAChannelAPIClient.h */,
				66564A5E3CAD41F688404F76 /* UAChannelRegistrationPayload.h */,
				B24B128D9F7A441AA2DA21A3 /* UADeviceRegistrar.h */,
				51540E4535C34F8FA9E20EBF /* UA_Base64.h */,
				CA303B454962479A9AB57F90 /* UA_Reachability.h */,
			);
			name = Plugins;
			path = PhoneGap/Plugins;
			sourceTree = SOURCE_ROOT;
		};
		308D052D1370CCF300D202BF /* icons */ = {
			isa = PBXGroup;
			children = (
				7E7966D41810823500FA85AD /* icon-40.png */,
				7E7966D51810823500FA85AD /* icon-40@2x.png */,
				7E7966D61810823500FA85AD /* icon-50.png */,
				7E7966D71810823500FA85AD /* icon-50@2x.png */,
				7E7966D81810823500FA85AD /* icon-60.png */,
				7E7966D91810823500FA85AD /* icon-60@2x.png */,
				7E7966DA1810823500FA85AD /* icon-76.png */,
				7E7966DB1810823500FA85AD /* icon-76@2x.png */,
				7E7966DC1810823500FA85AD /* icon-small.png */,
				7E7966DD1810823500FA85AD /* icon-small@2x.png */,
				30FC414816E50CA1004E6F35 /* icon-72@2x.png */,
				308D052E1370CCF300D202BF /* icon-72.png */,
				308D052F1370CCF300D202BF /* icon.png */,
				308D05301370CCF300D202BF /* icon@2x.png */,
			);
			path = icons;
			sourceTree = "<group>";
		};
		308D05311370CCF300D202BF /* splash */ = {
			isa = PBXGroup;
			children = (
				AC0EDB5F191024200011CD32 /* Default-Landscape@2x~ipad.png */,
				AC0EDB60191024200011CD32 /* Default-Landscape~ipad.png */,
				AC21E4DD18EA17FA004D58B6 /* Default@2x~ipad.png */,
				AC21E4DA18EA17C7004D58B6 /* Default.png */,
				D4A0D8751607E02300AEF8BB /* Default-568h@2x~iphone.png */,
				3088BBB9154F3926009F9C59 /* Default-Portrait@2x~ipad.png */,
				3088BBBA154F3926009F9C59 /* Default-Portrait~ipad.png */,
				3088BBBB154F3926009F9C59 /* Default@2x~iphone.png */,
				3088BBBC154F3926009F9C59 /* Default~iphone.png */,
			);
			path = splash;
			sourceTree = "<group>";
		};
		30A0434214DC770100060A13 /* de.lproj */ = {
			isa = PBXGroup;
			children = (
				30A0434314DC770100060A13 /* Localizable.strings */,
			);
			path = de.lproj;
			sourceTree = "<group>";
		};
		30A0434514DC770100060A13 /* se.lproj */ = {
			isa = PBXGroup;
			children = (
				30A0434614DC770100060A13 /* Localizable.strings */,
			);
			path = se.lproj;
			sourceTree = "<group>";
		};
/* End PBXGroup section */

/* Begin PBXNativeTarget section */
		1D6058900D05DD3D006BFB54 /* PhoneGap */ = {
			isa = PBXNativeTarget;
			buildConfigurationList = 1D6058960D05DD3E006BFB54 /* Build configuration list for PBXNativeTarget "PhoneGap" */;
			buildPhases = (
				304B58A110DAC018002A0835 /* Copy www directory */,
				1D60588D0D05DD3D006BFB54 /* Resources */,
				1D60588E0D05DD3D006BFB54 /* Sources */,
				1D60588F0D05DD3D006BFB54 /* Frameworks */,
			);
			buildRules = (
			);
			dependencies = (
				301BF551109A68C00062928A /* PBXTargetDependency */,
			);
			name = PhoneGap;
			productName = PhoneGap;
			productReference = 1D6058910D05DD3D006BFB54 /* PhoneGap.app */;
			productType = "com.apple.product-type.application";
		};
/* End PBXNativeTarget section */

/* Begin PBXProject section */
		29B97313FDCFA39411CA2CEA /* Project object */ = {
			isa = PBXProject;
			attributes = {
				LastUpgradeCheck = 500;
				TargetAttributes = {
					1D6058900D05DD3D006BFB54 = {
						DevelopmentTeam = D42HQMA488;
					};
				};
			};
			buildConfigurationList = C01FCF4E08A954540054247B /* Build configuration list for PBXProject "PhoneGap" */;
			compatibilityVersion = "Xcode 3.2";
			developmentRegion = English;
			hasScannedForEncodings = 1;
			knownRegions = (
				English,
				Japanese,
				French,
				German,
				en,
				es,
				de,
				se,
			);
			mainGroup = 29B97314FDCFA39411CA2CEA /* CustomTemplate */;
			projectDirPath = "";
			projectReferences = (
				{
					ProductGroup = 301BF52E109A57CC0062928A /* Products */;
					ProjectRef = 301BF52D109A57CC0062928A /* CordovaLib.xcodeproj */;
				},
			);
			projectRoot = "";
			targets = (
				1D6058900D05DD3D006BFB54 /* PhoneGap */,
			);
		};
/* End PBXProject section */

/* Begin PBXReferenceProxy section */
		301BF535109A57CC0062928A /* libCordova.a */ = {
			isa = PBXReferenceProxy;
			fileType = archive.ar;
			path = libCordova.a;
			remoteRef = 301BF534109A57CC0062928A /* PBXContainerItemProxy */;
			sourceTree = BUILT_PRODUCTS_DIR;
		};
/* End PBXReferenceProxy section */

/* Begin PBXResourcesBuildPhase section */
		1D60588D0D05DD3D006BFB54 /* Resources */ = {
			isa = PBXResourcesBuildPhase;
			buildActionMask = 2147483647;
			files = (
				F840E1F1165FE0F500CFE078 /* config.xml in Resources */,
				7E7966E41810823500FA85AD /* icon-76.png in Resources */,
				AC0EDB62191024200011CD32 /* Default-Landscape~ipad.png in Resources */,
				7E7966DF1810823500FA85AD /* icon-40@2x.png in Resources */,
				AC0EDB61191024200011CD32 /* Default-Landscape@2x~ipad.png in Resources */,
				308D05371370CCF300D202BF /* icon-72.png in Resources */,
				308D05381370CCF300D202BF /* icon.png in Resources */,
				308D05391370CCF300D202BF /* icon@2x.png in Resources */,
				1F766FE113BBADB100FB74C0 /* Localizable.strings in Resources */,
				302D95F214D2391D003F00A1 /* MainViewController.xib in Resources */,
				7E7966E01810823500FA85AD /* icon-50.png in Resources */,
				AC21E4DE18EA17FA004D58B6 /* Default@2x~ipad.png in Resources */,
				7E7966E31810823500FA85AD /* icon-60@2x.png in Resources */,
				AC21E4DC18EA17C7004D58B6 /* Default.png in Resources */,
				30A0434814DC770100060A13 /* Localizable.strings in Resources */,
				7E7966E61810823500FA85AD /* icon-small.png in Resources */,
				3088BBBF154F3926009F9C59 /* Default-Portrait@2x~ipad.png in Resources */,
				7E7966E71810823500FA85AD /* icon-small@2x.png in Resources */,
				3088BBC0154F3926009F9C59 /* Default-Portrait~ipad.png in Resources */,
				7E7966DE1810823500FA85AD /* icon-40.png in Resources */,
				3088BBC1154F3926009F9C59 /* Default@2x~iphone.png in Resources */,
				7E7966E21810823500FA85AD /* icon-60.png in Resources */,
				3088BBC2154F3926009F9C59 /* Default~iphone.png in Resources */,
				D4A0D8761607E02300AEF8BB /* Default-568h@2x~iphone.png in Resources */,
				7E7966E11810823500FA85AD /* icon-50@2x.png in Resources */,
				7E7966E51810823500FA85AD /* icon-76@2x.png in Resources */,
				30FC414916E50CA1004E6F35 /* icon-72@2x.png in Resources */,
				A6424F46CD324BC5A98C3DED /* CDVNotification.bundle in Resources */,
				1C65355D490040A681F26B38 /* CDVCapture.bundle in Resources */,
				C5938E7219DA4B2C956B50BF /* ADBMobileConfig.json in Resources */,
				46D823414B2D446CBFFDEF4A /* ELCAlbumPickerController.xib in Resources */,
				722E43769D3D4FB6B24D886B /* ELCAssetPicker.xib in Resources */,
				7EE011BC6DA64166924A3CED /* ELCAssetTablePicker.xib in Resources */,
				59157F8DD2C148748BA88228 /* Overlay.png in Resources */,
				686E81DC575B4B8B99584C68 /* Overlay@2x.png in Resources */,
			);
			runOnlyForDeploymentPostprocessing = 0;
		};
/* End PBXResourcesBuildPhase section */

/* Begin PBXShellScriptBuildPhase section */
		304B58A110DAC018002A0835 /* Copy www directory */ = {
			isa = PBXShellScriptBuildPhase;
			buildActionMask = 2147483647;
			files = (
			);
			inputPaths = (
			);
			name = "Copy www directory";
			outputPaths = (
			);
			runOnlyForDeploymentPostprocessing = 0;
			shellPath = /bin/sh;
			shellScript = "cordova/lib/copy-www-build-step.sh";
		};
/* End PBXShellScriptBuildPhase section */

/* Begin PBXSourcesBuildPhase section */
		1D60588E0D05DD3D006BFB54 /* Sources */ = {
			isa = PBXSourcesBuildPhase;
			buildActionMask = 2147483647;
			files = (
				BF0673E01950FA720026C411 /* CDVContacts.m in Sources */,
				BFBF2B1919899DD40078D8FA /* CDVJpegHeaderWriter.m in Sources */,
				1D60589B0D05DD56006BFB54 /* main.m in Sources */,
				1D3623260D0F684500981E51 /* AppDelegate.m in Sources */,
				BFBF8F7B194A543E006BD792 /* CDVLocalFilesystem.m in Sources */,
				302D95F114D2391D003F00A1 /* MainViewController.m in Sources */,
				CA480DFE192E428094AA1F7F /* Insomnia.m in Sources */,
				BF0673DF1950FA720026C411 /* CDVContact.m in Sources */,
				BFBF8F81194A5475006BD792 /* CDVAccelerometer.m in Sources */,
				BF0673DA1950F30B0026C411 /* CDVSplashScreen.m in Sources */,
				BF0673E61950FA9E0026C411 /* CDVGlobalization.m in Sources */,
				BFBF8F7A194A543E006BD792 /* CDVFile.m in Sources */,
				BFBF8F79194A543E006BD792 /* CDVAssetLibraryFilesystem.m in Sources */,
				BFBF2B1819899DD40078D8FA /* CDVCamera.m in Sources */,
				BF0673F2195102700026C411 /* CDVVibration.m in Sources */,
				20C17AE247B9438996D97A8B /* CDVLogger.m in Sources */,
				BF0673D71950F2E50026C411 /* CDVDevice.m in Sources */,
				BF0673F5195102830026C411 /* CDVInAppBrowser.m in Sources */,
				2D7EAA0A63C64C629302B3C6 /* CDVCompass.m in Sources */,
				BF0673E31950FA950026C411 /* CDVLocation.m in Sources */,
				BFBF8F87194A54A2006BD792 /* CDVReachability.m in Sources */,
				CF1E9DA9529D424AB9C3AF50 /* CDVCapture.m in Sources */,
				F2D71E42781A4B61858FCB8E /* CDVStatusBar.m in Sources */,
				BFBF8F7E194A5446006BD792 /* CDVFileTransfer.m in Sources */,
				BFBF8F86194A54A2006BD792 /* CDVConnection.m in Sources */,
				BF0673E91950FAB80026C411 /* CDVSound.m in Sources */,
				BF0673F8195102A20026C411 /* CDVNotification.m in Sources */,
				DA6A81B1798C488B8988F105 /* CDVBattery.m in Sources */,
				F81550ED37EC46618D1D248C /* ADBMobile_PhoneGap.m in Sources */,
				AF2B750DF9754E6BB5D6ECDB /* CDVAppsee.m in Sources */,
				E576C2EAB34B448A88A2AA0E /* SOSPicker.m in Sources */,
				257534E933A24890BC548958 /* ELCAlbumPickerController.m in Sources */,
				AC87B3FBF4114043A7BA8D7B /* ELCAsset.m in Sources */,
				9D2E5EF995CD48BC8072B80E /* ELCAssetCell.m in Sources */,
				7D10D89246794553AC1FF407 /* ELCAssetTablePicker.m in Sources */,
				3BB9E5620CAB4E3EB3EE1A8F /* ELCImagePickerController.m in Sources */,
				B277678135CB49BDA4631F71 /* PushNotificationPlugin.m in Sources */,
			);
			runOnlyForDeploymentPostprocessing = 0;
		};
/* End PBXSourcesBuildPhase section */

/* Begin PBXTargetDependency section */
		301BF551109A68C00062928A /* PBXTargetDependency */ = {
			isa = PBXTargetDependency;
			name = CordovaLib;
			targetProxy = 301BF550109A68C00062928A /* PBXContainerItemProxy */;
		};
/* End PBXTargetDependency section */

/* Begin PBXVariantGroup section */
		1F766FDC13BBADB100FB74C0 /* Localizable.strings */ = {
			isa = PBXVariantGroup;
			children = (
				1F766FDD13BBADB100FB74C0 /* en */,
			);
			name = Localizable.strings;
			sourceTree = "<group>";
		};
		1F766FDF13BBADB100FB74C0 /* Localizable.strings */ = {
			isa = PBXVariantGroup;
			children = (
				1F766FE013BBADB100FB74C0 /* es */,
			);
			name = Localizable.strings;
			sourceTree = "<group>";
		};
		30A0434314DC770100060A13 /* Localizable.strings */ = {
			isa = PBXVariantGroup;
			children = (
				30A0434414DC770100060A13 /* de */,
			);
			name = Localizable.strings;
			sourceTree = "<group>";
		};
		30A0434614DC770100060A13 /* Localizable.strings */ = {
			isa = PBXVariantGroup;
			children = (
				30A0434714DC770100060A13 /* se */,
			);
			name = Localizable.strings;
			sourceTree = "<group>";
		};
/* End PBXVariantGroup section */

/* Begin XCBuildConfiguration section */
		1D6058940D05DD3E006BFB54 /* Debug */ = {
			isa = XCBuildConfiguration;
			buildSettings = {
				ALWAYS_SEARCH_USER_PATHS = NO;
				CLANG_ENABLE_OBJC_ARC = YES;
				CODE_SIGN_IDENTITY = "iPhone Developer";
				"CODE_SIGN_IDENTITY[sdk=iphoneos*]" = "iPhone Developer";
				COPY_PHASE_STRIP = NO;
				GCC_DYNAMIC_NO_PIC = NO;
				GCC_OPTIMIZATION_LEVEL = 0;
				GCC_PRECOMPILE_PREFIX_HEADER = YES;
				GCC_PREFIX_HEADER = "PhoneGap/PhoneGap-Prefix.pch";
				GCC_THUMB_SUPPORT = NO;
				GCC_VERSION = "";
				INFOPLIST_FILE = "PhoneGap/PhoneGap-Info.plist";
				IPHONEOS_DEPLOYMENT_TARGET = 5.1.1;
				OTHER_LDFLAGS = (
					"-weak_framework",
					CoreFoundation,
					"-weak_framework",
					UIKit,
					"-weak_framework",
					AVFoundation,
					"-weak_framework",
					CoreMedia,
					"-weak-lSystem",
					"-force_load",
					"\"$(BUILT_PRODUCTS_DIR)/libCordova.a\"",
					"-ObjC",
				);
				PRODUCT_NAME = PhoneGap;
				PROVISIONING_PROFILE = "9CC4940B-47DD-497A-93E2-466FCB17D0B9";
				TARGETED_DEVICE_FAMILY = "1,2";
				LIBRARY_SEARCH_PATHS = (
					"$(inherited)",
					"\"$(SRCROOT)/PhoneGap/Plugins/ADBMobile\"",
					"\"$(SRCROOT)/PhoneGap/Plugins/com.appsee.plugin\"",
					"\"$(SRCROOT)/PhoneGap/Plugins/com.urbanairship.phonegap.PushNotification\"",
				);
			};
			name = Debug;
		};
		1D6058950D05DD3E006BFB54 /* Release */ = {
			isa = XCBuildConfiguration;
			buildSettings = {
				ALWAYS_SEARCH_USER_PATHS = NO;
				CLANG_ENABLE_OBJC_ARC = YES;
				CODE_SIGN_IDENTITY = "iPhone Developer";
				"CODE_SIGN_IDENTITY[sdk=iphoneos*]" = "iPhone Developer";
				COPY_PHASE_STRIP = YES;
				GCC_PRECOMPILE_PREFIX_HEADER = YES;
				GCC_PREFIX_HEADER = "PhoneGap/PhoneGap-Prefix.pch";
				GCC_THUMB_SUPPORT = NO;
				GCC_VERSION = "";
				INFOPLIST_FILE = "PhoneGap/PhoneGap-Info.plist";
				IPHONEOS_DEPLOYMENT_TARGET = 5.1.1;
				OTHER_LDFLAGS = (
					"-weak_framework",
					CoreFoundation,
					"-weak_framework",
					UIKit,
					"-weak_framework",
					AVFoundation,
					"-weak_framework",
					CoreMedia,
					"-weak-lSystem",
					"-force_load",
					"\"$(BUILT_PRODUCTS_DIR)/libCordova.a\"",
					"-ObjC",
				);
				PRODUCT_NAME = PhoneGap;
				PROVISIONING_PROFILE = "9CC4940B-47DD-497A-93E2-466FCB17D0B9";
				TARGETED_DEVICE_FAMILY = "1,2";
				LIBRARY_SEARCH_PATHS = (
					"$(inherited)",
					"\"$(SRCROOT)/PhoneGap/Plugins/ADBMobile\"",
					"\"$(SRCROOT)/PhoneGap/Plugins/com.appsee.plugin\"",
					"\"$(SRCROOT)/PhoneGap/Plugins/com.urbanairship.phonegap.PushNotification\"",
				);
			};
			name = Release;
		};
		C01FCF4F08A954540054247B /* Debug */ = {
			isa = XCBuildConfiguration;
			buildSettings = {
				CLANG_ENABLE_OBJC_ARC = YES;
				CLANG_WARN_BOOL_CONVERSION = YES;
				CLANG_WARN_CONSTANT_CONVERSION = YES;
				CLANG_WARN_EMPTY_BODY = YES;
				CLANG_WARN_ENUM_CONVERSION = YES;
				CLANG_WARN_INT_CONVERSION = YES;
				CLANG_WARN__DUPLICATE_METHOD_MATCH = YES;
				"CODE_SIGN_IDENTITY[sdk=iphoneos*]" = "iPhone Developer";
				GCC_C_LANGUAGE_STANDARD = c99;
				GCC_THUMB_SUPPORT = NO;
				GCC_VERSION = "";
				GCC_WARN_ABOUT_RETURN_TYPE = YES;
				GCC_WARN_UNDECLARED_SELECTOR = YES;
				GCC_WARN_UNINITIALIZED_AUTOS = YES;
				GCC_WARN_UNUSED_FUNCTION = YES;
				GCC_WARN_UNUSED_VARIABLE = YES;
				HEADER_SEARCH_PATHS = (
					"\"$(TARGET_BUILD_DIR)/usr/local/lib/include\"",
					"\"$(OBJROOT)/UninstalledProducts/include\"",
					"\"$(BUILT_PRODUCTS_DIR)\"",
				);
				IPHONEOS_DEPLOYMENT_TARGET = 5.0;
				ONLY_ACTIVE_ARCH = YES;
				OTHER_LDFLAGS = (
					"-weak_framework",
					CoreFoundation,
					"-weak_framework",
					UIKit,
					"-weak_framework",
					AVFoundation,
					"-weak_framework",
					CoreMedia,
					"-weak-lSystem",
					"-force_load",
					"\"$(BUILT_PRODUCTS_DIR)/libCordova.a\"",
					"-ObjC",
				);
				SDKROOT = iphoneos;
				SKIP_INSTALL = NO;
				USER_HEADER_SEARCH_PATHS = "";
			};
			name = Debug;
		};
		C01FCF5008A954540054247B /* Release */ = {
			isa = XCBuildConfiguration;
			buildSettings = {
				CLANG_ENABLE_OBJC_ARC = YES;
				CLANG_WARN_BOOL_CONVERSION = YES;
				CLANG_WARN_CONSTANT_CONVERSION = YES;
				CLANG_WARN_EMPTY_BODY = YES;
				CLANG_WARN_ENUM_CONVERSION = YES;
				CLANG_WARN_INT_CONVERSION = YES;
				CLANG_WARN__DUPLICATE_METHOD_MATCH = YES;
				"CODE_SIGN_IDENTITY[sdk=iphoneos*]" = "iPhone Developer";
				GCC_C_LANGUAGE_STANDARD = c99;
				GCC_THUMB_SUPPORT = NO;
				GCC_VERSION = "";
				GCC_WARN_ABOUT_RETURN_TYPE = YES;
				GCC_WARN_UNDECLARED_SELECTOR = YES;
				GCC_WARN_UNINITIALIZED_AUTOS = YES;
				GCC_WARN_UNUSED_FUNCTION = YES;
				GCC_WARN_UNUSED_VARIABLE = YES;
				HEADER_SEARCH_PATHS = (
					"\"$(TARGET_BUILD_DIR)/usr/local/lib/include\"",
					"\"$(OBJROOT)/UninstalledProducts/include\"",
					"\"$(BUILT_PRODUCTS_DIR)\"",
				);
				IPHONEOS_DEPLOYMENT_TARGET = 5.0;
				OTHER_LDFLAGS = (
					"-weak_framework",
					CoreFoundation,
					"-weak_framework",
					UIKit,
					"-weak_framework",
					AVFoundation,
					"-weak_framework",
					CoreMedia,
					"-weak-lSystem",
					"-force_load",
					"\"$(BUILT_PRODUCTS_DIR)/libCordova.a\"",
					"-ObjC",
				);
				SDKROOT = iphoneos;
				SKIP_INSTALL = NO;
				USER_HEADER_SEARCH_PATHS = "";
			};
			name = Release;
		};
/* End XCBuildConfiguration section */

/* Begin XCConfigurationList section */
		1D6058960D05DD3E006BFB54 /* Build configuration list for PBXNativeTarget "PhoneGap" */ = {
			isa = XCConfigurationList;
			buildConfigurations = (
				1D6058940D05DD3E006BFB54 /* Debug */,
				1D6058950D05DD3E006BFB54 /* Release */,
			);
			defaultConfigurationIsVisible = 0;
			defaultConfigurationName = Release;
		};
		C01FCF4E08A954540054247B /* Build configuration list for PBXProject "PhoneGap" */ = {
			isa = XCConfigurationList;
			buildConfigurations = (
				C01FCF4F08A954540054247B /* Debug */,
				C01FCF5008A954540054247B /* Release */,
			);
			defaultConfigurationIsVisible = 0;
			defaultConfigurationName = Release;
		};
/* End XCConfigurationList section */
	};
	rootObject = 29B97313FDCFA39411CA2CEA /* Project object */;
}
